// !$*UTF8*$!
{
	archiveVersion = 1;
	classes = {
	};
	objectVersion = 46;
	objects = {

/* Begin PBXAggregateTarget section */
		F48682881B0CB32F0042FF15 /* mpos-ui-framework */ = {
			isa = PBXAggregateTarget;
			buildConfigurationList = F48682891B0CB32F0042FF15 /* Build configuration list for PBXAggregateTarget "mpos-ui-framework" */;
			buildPhases = (
				F48682901B0CB34A0042FF15 /* ShellScript */,
			);
			dependencies = (
				F486828D1B0CB3460042FF15 /* PBXTargetDependency */,
				F486828F1B0CB3460042FF15 /* PBXTargetDependency */,
			);
			name = "mpos-ui-framework";
			productName = "mpos-ui-framework";
		};
/* End PBXAggregateTarget section */

/* Begin PBXBuildFile section */
		4278ED4B1D1CFC0039195A77 /* libPods-mpos-ui.podsdummy.a in Frameworks */ = {isa = PBXBuildFile; fileRef = 3848B4A47AE3D5FA03324DB9 /* libPods-mpos-ui.podsdummy.a */; };
		44234B361B0DE5F700C1ABAE /* MPULoadTransactionController.h in Headers */ = {isa = PBXBuildFile; fileRef = 44234B341B0DE5F700C1ABAE /* MPULoadTransactionController.h */; };
		44234B371B0DE5F700C1ABAE /* MPULoadTransactionController.m in Sources */ = {isa = PBXBuildFile; fileRef = 44234B351B0DE5F700C1ABAE /* MPULoadTransactionController.m */; };
		445DAF451C56314100438186 /* secureretail.plist in Resources */ = {isa = PBXBuildFile; fileRef = 445DAF441C56314100438186 /* secureretail.plist */; };
		445DAF521C56569200438186 /* mpos-ui.strings in Resources */ = {isa = PBXBuildFile; fileRef = 445DAF501C56569200438186 /* mpos-ui.strings */; };
		4461B23E1B9478F600EE55AF /* MPULoginController.h in Headers */ = {isa = PBXBuildFile; fileRef = 4461B23C1B9478F600EE55AF /* MPULoginController.h */; };
		4461B23F1B9478F600EE55AF /* MPULoginController.m in Sources */ = {isa = PBXBuildFile; fileRef = 4461B23D1B9478F600EE55AF /* MPULoginController.m */; };
		4461B2421B9498BD00EE55AF /* MPUApplicationData.h in Headers */ = {isa = PBXBuildFile; fileRef = 4461B2401B9498BD00EE55AF /* MPUApplicationData.h */; };
		4461B2431B9498BD00EE55AF /* MPUApplicationData.m in Sources */ = {isa = PBXBuildFile; fileRef = 4461B2411B9498BD00EE55AF /* MPUApplicationData.m */; };
		4461B24A1B949E5B00EE55AF /* MPUSettingsController.h in Headers */ = {isa = PBXBuildFile; fileRef = 4461B2481B949E5B00EE55AF /* MPUSettingsController.h */; };
		4461B24B1B949E5B00EE55AF /* MPUSettingsController.m in Sources */ = {isa = PBXBuildFile; fileRef = 4461B2491B949E5B00EE55AF /* MPUSettingsController.m */; };
		4461B24E1B94A26100EE55AF /* MPUAbstractTableViewController.h in Headers */ = {isa = PBXBuildFile; fileRef = 4461B24C1B94A26100EE55AF /* MPUAbstractTableViewController.h */; };
		4461B24F1B94A26100EE55AF /* MPUAbstractTableViewController.m in Sources */ = {isa = PBXBuildFile; fileRef = 4461B24D1B94A26100EE55AF /* MPUAbstractTableViewController.m */; };
		4461B2561B96E27B00EE55AF /* concardis.plist in Resources */ = {isa = PBXBuildFile; fileRef = 4461B2541B95B48E00EE55AF /* concardis.plist */; };
		4461B2581B96ED1D00EE55AF /* mcashier.plist in Resources */ = {isa = PBXBuildFile; fileRef = 4461B2571B96ED1D00EE55AF /* mcashier.plist */; };
		4461B25B1B973BA700EE55AF /* MPUSettingsContainerViewController.h in Headers */ = {isa = PBXBuildFile; fileRef = 4461B2591B973BA700EE55AF /* MPUSettingsContainerViewController.h */; };
		4461B25C1B973BA700EE55AF /* MPUSettingsContainerViewController.m in Sources */ = {isa = PBXBuildFile; fileRef = 4461B25A1B973BA700EE55AF /* MPUSettingsContainerViewController.m */; };
		4461B2601B973C6700EE55AF /* MPUSettingsMainController.h in Headers */ = {isa = PBXBuildFile; fileRef = 4461B25E1B973C6700EE55AF /* MPUSettingsMainController.h */; };
		4461B2611B973C6700EE55AF /* MPUSettingsMainController.m in Sources */ = {isa = PBXBuildFile; fileRef = 4461B25F1B973C6700EE55AF /* MPUSettingsMainController.m */; };
		4461B2651B98888200EE55AF /* MPULoginMainController.h in Headers */ = {isa = PBXBuildFile; fileRef = 4461B2631B98888200EE55AF /* MPULoginMainController.h */; };
		4461B2661B98888200EE55AF /* MPULoginMainController.m in Sources */ = {isa = PBXBuildFile; fileRef = 4461B2641B98888200EE55AF /* MPULoginMainController.m */; };
		4461B2691B98893900EE55AF /* MPULoginContainerViewController.h in Headers */ = {isa = PBXBuildFile; fileRef = 4461B2671B98893900EE55AF /* MPULoginContainerViewController.h */; };
		4461B26A1B98893900EE55AF /* MPULoginContainerViewController.m in Sources */ = {isa = PBXBuildFile; fileRef = 4461B2681B98893900EE55AF /* MPULoginContainerViewController.m */; };
		4479656A1B1EF74600CB540E /* MPUPrintReceiptController.h in Headers */ = {isa = PBXBuildFile; fileRef = 447965681B1EF74600CB540E /* MPUPrintReceiptController.h */; };
		4479656B1B1EF74600CB540E /* MPUPrintReceiptController.m in Sources */ = {isa = PBXBuildFile; fileRef = 447965691B1EF74600CB540E /* MPUPrintReceiptController.m */; };
		44AEEBD91B540AA200531369 /* MPUTransactionMainController.h in Headers */ = {isa = PBXBuildFile; fileRef = 44AEEBD71B540AA200531369 /* MPUTransactionMainController.h */; };
		44AEEBDA1B540AA200531369 /* MPUTransactionMainController.m in Sources */ = {isa = PBXBuildFile; fileRef = 44AEEBD81B540AA200531369 /* MPUTransactionMainController.m */; };
		44AEEBDD1B564DBE00531369 /* MPUAbstractMainController.h in Headers */ = {isa = PBXBuildFile; fileRef = 44AEEBDB1B564DBE00531369 /* MPUAbstractMainController.h */; };
		44AEEBDE1B564DBE00531369 /* MPUAbstractMainController.m in Sources */ = {isa = PBXBuildFile; fileRef = 44AEEBDC1B564DBE00531369 /* MPUAbstractMainController.m */; };
		44AEEBE11B58FACD00531369 /* MPUPrintReceiptMainController.h in Headers */ = {isa = PBXBuildFile; fileRef = 44AEEBDF1B58FACD00531369 /* MPUPrintReceiptMainController.h */; };
		44AEEBE21B58FACD00531369 /* MPUPrintReceiptMainController.m in Sources */ = {isa = PBXBuildFile; fileRef = 44AEEBE01B58FACD00531369 /* MPUPrintReceiptMainController.m */; };
		44AEEBE51B58FB5600531369 /* MPUPrintReceiptContainerViewController.h in Headers */ = {isa = PBXBuildFile; fileRef = 44AEEBE31B58FB5600531369 /* MPUPrintReceiptContainerViewController.h */; };
		44AEEBE61B58FB5600531369 /* MPUPrintReceiptContainerViewController.m in Sources */ = {isa = PBXBuildFile; fileRef = 44AEEBE41B58FB5600531369 /* MPUPrintReceiptContainerViewController.m */; };
		44B3EE211BDFD8320089D194 /* mpos-ui.strings in Resources */ = {isa = PBXBuildFile; fileRef = 44B3EE1F1BDFD8320089D194 /* mpos-ui.strings */; };
		44D986081B4C3E53006F2F62 /* MPUEmptySegue.h in Headers */ = {isa = PBXBuildFile; fileRef = 44D986061B4C3E53006F2F62 /* MPUEmptySegue.h */; };
		44D986091B4C3E53006F2F62 /* MPUEmptySegue.m in Sources */ = {isa = PBXBuildFile; fileRef = 44D986071B4C3E53006F2F62 /* MPUEmptySegue.m */; };
		44E918161B4BE30F0085FB8E /* MPUAbstractContainerViewController.h in Headers */ = {isa = PBXBuildFile; fileRef = 44E918141B4BE30F0085FB8E /* MPUAbstractContainerViewController.h */; };
		44E918171B4BE30F0085FB8E /* MPUAbstractContainerViewController.m in Sources */ = {isa = PBXBuildFile; fileRef = 44E918151B4BE30F0085FB8E /* MPUAbstractContainerViewController.m */; };
		44E9181A1B4BE47C0085FB8E /* MPUTransactionContainerViewController.h in Headers */ = {isa = PBXBuildFile; fileRef = 44E918181B4BE47C0085FB8E /* MPUTransactionContainerViewController.h */; };
		44E9181B1B4BE47C0085FB8E /* MPUTransactionContainerViewController.m in Sources */ = {isa = PBXBuildFile; fileRef = 44E918191B4BE47C0085FB8E /* MPUTransactionContainerViewController.m */; };
		44E9181E1B4BE4CA0085FB8E /* MPUSummaryContainerViewController.h in Headers */ = {isa = PBXBuildFile; fileRef = 44E9181C1B4BE4CA0085FB8E /* MPUSummaryContainerViewController.h */; };
		44E9181F1B4BE4CA0085FB8E /* MPUSummaryContainerViewController.m in Sources */ = {isa = PBXBuildFile; fileRef = 44E9181D1B4BE4CA0085FB8E /* MPUSummaryContainerViewController.m */; };
		44F4D1641B4FB20E00EC26C7 /* MPUSummaryMainController.h in Headers */ = {isa = PBXBuildFile; fileRef = 44F4D1621B4FB20E00EC26C7 /* MPUSummaryMainController.h */; };
		44F4D1651B4FB20E00EC26C7 /* MPUSummaryMainController.m in Sources */ = {isa = PBXBuildFile; fileRef = 44F4D1631B4FB20E00EC26C7 /* MPUSummaryMainController.m */; };
		7E49EEB39D1DBCD22ACF9559 /* libPods-mpos-ui.a in Frameworks */ = {isa = PBXBuildFile; fileRef = 0F004FA6DDCFDE0143C0B06F /* libPods-mpos-ui.a */; };
		B34C97861CCE4CEA0092A8D4 /* MPUSummaryController.h in Headers */ = {isa = PBXBuildFile; fileRef = B34C97841CCE4CEA0092A8D4 /* MPUSummaryController.h */; };
		B34C97871CCE4CEA0092A8D4 /* MPUSummaryController.m in Sources */ = {isa = PBXBuildFile; fileRef = B34C97851CCE4CEA0092A8D4 /* MPUSummaryController.m */; };
		B35AFE651D7854E60088C3B7 /* MPUTransactionCell.h in Headers */ = {isa = PBXBuildFile; fileRef = B35AFE631D7854E60088C3B7 /* MPUTransactionCell.h */; };
		B35AFE661D7854E60088C3B7 /* MPUTransactionCell.m in Sources */ = {isa = PBXBuildFile; fileRef = B35AFE641D7854E60088C3B7 /* MPUTransactionCell.m */; };
		B395AC4C1CD79ECA00C4CEE4 /* yourbrand.plist in Resources */ = {isa = PBXBuildFile; fileRef = B395AC4B1CD79ECA00C4CEE4 /* yourbrand.plist */; };
		B395AC581CD8E53D00C4CEE4 /* MPUTransactionHeaderCell.h in Headers */ = {isa = PBXBuildFile; fileRef = B395AC561CD8E53D00C4CEE4 /* MPUTransactionHeaderCell.h */; };
		B395AC591CD8E53D00C4CEE4 /* MPUTransactionHeaderCell.m in Sources */ = {isa = PBXBuildFile; fileRef = B395AC571CD8E53D00C4CEE4 /* MPUTransactionHeaderCell.m */; };
		B395AC601CD8E6F800C4CEE4 /* MPUTransactionCardCell.h in Headers */ = {isa = PBXBuildFile; fileRef = B395AC5E1CD8E6F800C4CEE4 /* MPUTransactionCardCell.h */; };
		B395AC611CD8E6F800C4CEE4 /* MPUTransactionCardCell.m in Sources */ = {isa = PBXBuildFile; fileRef = B395AC5F1CD8E6F800C4CEE4 /* MPUTransactionCardCell.m */; };
		B395AC641CD8E75D00C4CEE4 /* MPUTransactionSubjectCell.h in Headers */ = {isa = PBXBuildFile; fileRef = B395AC621CD8E75D00C4CEE4 /* MPUTransactionSubjectCell.h */; };
		B395AC651CD8E75D00C4CEE4 /* MPUTransactionSubjectCell.m in Sources */ = {isa = PBXBuildFile; fileRef = B395AC631CD8E75D00C4CEE4 /* MPUTransactionSubjectCell.m */; };
		B395AC681CD8E79200C4CEE4 /* MPUTransactionActionsCell.h in Headers */ = {isa = PBXBuildFile; fileRef = B395AC661CD8E79200C4CEE4 /* MPUTransactionActionsCell.h */; };
		B395AC691CD8E79200C4CEE4 /* MPUTransactionActionsCell.m in Sources */ = {isa = PBXBuildFile; fileRef = B395AC671CD8E79200C4CEE4 /* MPUTransactionActionsCell.m */; };
		B395AC6C1CD8E82E00C4CEE4 /* MPUTransactionHistoryDetailCell.h in Headers */ = {isa = PBXBuildFile; fileRef = B395AC6A1CD8E82E00C4CEE4 /* MPUTransactionHistoryDetailCell.h */; };
		B395AC6D1CD8E82E00C4CEE4 /* MPUTransactionHistoryDetailCell.m in Sources */ = {isa = PBXBuildFile; fileRef = B395AC6B1CD8E82E00C4CEE4 /* MPUTransactionHistoryDetailCell.m */; };
		B395AC701CD8E85200C4CEE4 /* MPUTransactionDateFooterCell.h in Headers */ = {isa = PBXBuildFile; fileRef = B395AC6E1CD8E85200C4CEE4 /* MPUTransactionDateFooterCell.h */; };
		B395AC711CD8E85200C4CEE4 /* MPUTransactionDateFooterCell.m in Sources */ = {isa = PBXBuildFile; fileRef = B395AC6F1CD8E85200C4CEE4 /* MPUTransactionDateFooterCell.m */; };
		B395AC741CD8E9F900C4CEE4 /* MPUCellBuilder.h in Headers */ = {isa = PBXBuildFile; fileRef = B395AC721CD8E9F900C4CEE4 /* MPUCellBuilder.h */; };
		B395AC751CD8E9F900C4CEE4 /* MPUCellBuilder.m in Sources */ = {isa = PBXBuildFile; fileRef = B395AC731CD8E9F900C4CEE4 /* MPUCellBuilder.m */; };
		B3C1C62D1D47BAE800780E4B /* LICENSE.h in Headers */ = {isa = PBXBuildFile; fileRef = B3C1C62C1D47BAE800780E4B /* LICENSE.h */; settings = {ATTRIBUTES = (Public, ); }; };
		B3FBBFBB1D1445C700A2EDB0 /* mpos-ui.strings in Resources */ = {isa = PBXBuildFile; fileRef = B3FBBFB91D1445B600A2EDB0 /* mpos-ui.strings */; };
		F46242B61B3C6A7A00274B6F /* mpos-ui.pch in Headers */ = {isa = PBXBuildFile; fileRef = F46242B51B3C6A7A00274B6F /* mpos-ui.pch */; };
		F48682F01B0CBDEA0042FF15 /* mpos-ui.h in Headers */ = {isa = PBXBuildFile; fileRef = F48682C31B0CBAF70042FF15 /* mpos-ui.h */; settings = {ATTRIBUTES = (Public, ); }; };
		F48682F21B0CBDF40042FF15 /* MPUMposUiAppearance.h in Headers */ = {isa = PBXBuildFile; fileRef = 2DDA93CF1A8A0270002C246A /* MPUMposUiAppearance.h */; settings = {ATTRIBUTES = (Public, ); }; };
		F48682F31B0CBDF60042FF15 /* MPUMposUiConfiguration.h in Headers */ = {isa = PBXBuildFile; fileRef = 2DDA93D01A8A0270002C246A /* MPUMposUiConfiguration.h */; settings = {ATTRIBUTES = (Public, ); }; };
		F48683011B0CBF760042FF15 /* MPUMposUi.m in Sources */ = {isa = PBXBuildFile; fileRef = F48682FE1B0CBF760042FF15 /* MPUMposUi.m */; };
		F48683021B0CBF760042FF15 /* MPUMposUiAppearance.m in Sources */ = {isa = PBXBuildFile; fileRef = F48682FF1B0CBF760042FF15 /* MPUMposUiAppearance.m */; };
		F48683031B0CBF760042FF15 /* MPUMposUiConfiguration.m in Sources */ = {isa = PBXBuildFile; fileRef = F48683001B0CBF760042FF15 /* MPUMposUiConfiguration.m */; };
		F48683131B0CBF880042FF15 /* MPUAbstractController.h in Headers */ = {isa = PBXBuildFile; fileRef = F48683041B0CBF880042FF15 /* MPUAbstractController.h */; };
		F48683141B0CBF880042FF15 /* MPUAbstractController.m in Sources */ = {isa = PBXBuildFile; fileRef = F48683051B0CBF880042FF15 /* MPUAbstractController.m */; };
		F48683151B0CBF880042FF15 /* MPUApplicationSelectionController.h in Headers */ = {isa = PBXBuildFile; fileRef = F48683061B0CBF880042FF15 /* MPUApplicationSelectionController.h */; };
		F48683161B0CBF880042FF15 /* MPUApplicationSelectionController.m in Sources */ = {isa = PBXBuildFile; fileRef = F48683071B0CBF880042FF15 /* MPUApplicationSelectionController.m */; };
		F48683171B0CBF880042FF15 /* MPUErrorController.h in Headers */ = {isa = PBXBuildFile; fileRef = F48683081B0CBF880042FF15 /* MPUErrorController.h */; };
		F48683181B0CBF880042FF15 /* MPUErrorController.m in Sources */ = {isa = PBXBuildFile; fileRef = F48683091B0CBF880042FF15 /* MPUErrorController.m */; };
		F486831C1B0CBF880042FF15 /* MPUTransactionController.h in Headers */ = {isa = PBXBuildFile; fileRef = F486830D1B0CBF880042FF15 /* MPUTransactionController.h */; };
		F486831D1B0CBF880042FF15 /* MPUTransactionController.m in Sources */ = {isa = PBXBuildFile; fileRef = F486830E1B0CBF880042FF15 /* MPUTransactionController.m */; };
		F486831E1B0CBF880042FF15 /* MPUProgressView.h in Headers */ = {isa = PBXBuildFile; fileRef = F486830F1B0CBF880042FF15 /* MPUProgressView.h */; };
		F486831F1B0CBF880042FF15 /* MPUProgressView.m in Sources */ = {isa = PBXBuildFile; fileRef = F48683101B0CBF880042FF15 /* MPUProgressView.m */; };
		F48683201B0CBF880042FF15 /* MPUSendReceiptController.h in Headers */ = {isa = PBXBuildFile; fileRef = F48683111B0CBF880042FF15 /* MPUSendReceiptController.h */; };
		F48683211B0CBF880042FF15 /* MPUSendReceiptController.m in Sources */ = {isa = PBXBuildFile; fileRef = F48683121B0CBF880042FF15 /* MPUSendReceiptController.m */; };
		F48683281B0CBF970042FF15 /* MPUUIHelper.h in Headers */ = {isa = PBXBuildFile; fileRef = F48683241B0CBF970042FF15 /* MPUUIHelper.h */; };
		F48683291B0CBF970042FF15 /* MPUUIHelper.m in Sources */ = {isa = PBXBuildFile; fileRef = F48683251B0CBF970042FF15 /* MPUUIHelper.m */; };
		F486832B1B0CC0A10042FF15 /* MPUMposUi.h in Headers */ = {isa = PBXBuildFile; fileRef = F486832A1B0CC0A10042FF15 /* MPUMposUi.h */; settings = {ATTRIBUTES = (Public, ); }; };
		F486832D1B0CECCE0042FF15 /* MPUMposUi_Internal.h in Headers */ = {isa = PBXBuildFile; fileRef = F486832C1B0CECCE0042FF15 /* MPUMposUi_Internal.h */; };
		F48683391B0D06C20042FF15 /* FontAwesome.otf in Resources */ = {isa = PBXBuildFile; fileRef = F48682B51B0CBA570042FF15 /* FontAwesome.otf */; };
		F486833A1B0D06C20042FF15 /* mpos-ui.storyboard in Resources */ = {isa = PBXBuildFile; fileRef = F48682BD1B0CBA570042FF15 /* mpos-ui.storyboard */; };
		F486833B1B0D06C20042FF15 /* Images.xcassets in Resources */ = {isa = PBXBuildFile; fileRef = F48682B91B0CBA570042FF15 /* Images.xcassets */; };
		F486833C1B0E06650042FF15 /* mpos-ui.strings in Resources */ = {isa = PBXBuildFile; fileRef = F48682AD1B0CBA570042FF15 /* mpos-ui.strings */; };
		F486833D1B0E06650042FF15 /* mpos-ui.strings in Resources */ = {isa = PBXBuildFile; fileRef = F48682B01B0CBA570042FF15 /* mpos-ui.strings */; };
		F486833E1B0E06650042FF15 /* mpos-ui.strings in Resources */ = {isa = PBXBuildFile; fileRef = F48682B31B0CBA570042FF15 /* mpos-ui.strings */; };
		F486833F1B0E06650042FF15 /* mpos-ui.strings in Resources */ = {isa = PBXBuildFile; fileRef = F48682B71B0CBA570042FF15 /* mpos-ui.strings */; };
		F48683401B0E06650042FF15 /* mpos-ui.strings in Resources */ = {isa = PBXBuildFile; fileRef = F48682BB1B0CBA570042FF15 /* mpos-ui.strings */; };
		F48683411B0E06650042FF15 /* mpos-ui.strings in Resources */ = {isa = PBXBuildFile; fileRef = F48682BF1B0CBA570042FF15 /* mpos-ui.strings */; };
/* End PBXBuildFile section */

/* Begin PBXContainerItemProxy section */
		F486828C1B0CB3460042FF15 /* PBXContainerItemProxy */ = {
			isa = PBXContainerItemProxy;
			containerPortal = 2D959B5C1A7B8D0F00DC5310 /* Project object */;
			proxyType = 1;
			remoteGlobalIDString = F486823C1B0CA93C0042FF15;
			remoteInfo = "mpos-ui";
		};
		F486828E1B0CB3460042FF15 /* PBXContainerItemProxy */ = {
			isa = PBXContainerItemProxy;
			containerPortal = 2D959B5C1A7B8D0F00DC5310 /* Project object */;
			proxyType = 1;
			remoteGlobalIDString = F48682571B0CA9A80042FF15;
			remoteInfo = "mpos-ui-resources";
		};
/* End PBXContainerItemProxy section */

/* Begin PBXCopyFilesBuildPhase section */
		F486823B1B0CA93C0042FF15 /* CopyFiles */ = {
			isa = PBXCopyFilesBuildPhase;
			buildActionMask = 2147483647;
			dstPath = "include/$(PRODUCT_NAME)";
			dstSubfolderSpec = 16;
			files = (
			);
			runOnlyForDeploymentPostprocessing = 0;
		};
		F48682CB1B0CBC6A0042FF15 /* CopyFiles */ = {
			isa = PBXCopyFilesBuildPhase;
			buildActionMask = 2147483647;
			dstPath = "include/$(PRODUCT_NAME)";
			dstSubfolderSpec = 16;
			files = (
			);
			runOnlyForDeploymentPostprocessing = 0;
		};
/* End PBXCopyFilesBuildPhase section */

/* Begin PBXFileReference section */
		0F004FA6DDCFDE0143C0B06F /* libPods-mpos-ui.a */ = {isa = PBXFileReference; explicitFileType = archive.ar; includeInIndex = 0; path = "libPods-mpos-ui.a"; sourceTree = BUILT_PRODUCTS_DIR; };
		21A6586CE6DC2E960D917DF7 /* Pods-mpos-ui.podsdummy.debug.xcconfig */ = {isa = PBXFileReference; includeInIndex = 1; lastKnownFileType = text.xcconfig; name = "Pods-mpos-ui.podsdummy.debug.xcconfig"; path = "Pods/Target Support Files/Pods-mpos-ui.podsdummy/Pods-mpos-ui.podsdummy.debug.xcconfig"; sourceTree = "<group>"; };
		2D959B801A7B8D7200DC5310 /* ExternalAccessory.framework */ = {isa = PBXFileReference; lastKnownFileType = wrapper.framework; name = ExternalAccessory.framework; path = System/Library/Frameworks/ExternalAccessory.framework; sourceTree = SDKROOT; };
		2D959B821A7B8D7A00DC5310 /* SystemConfiguration.framework */ = {isa = PBXFileReference; lastKnownFileType = wrapper.framework; name = SystemConfiguration.framework; path = System/Library/Frameworks/SystemConfiguration.framework; sourceTree = SDKROOT; };
		2DDA93CF1A8A0270002C246A /* MPUMposUiAppearance.h */ = {isa = PBXFileReference; fileEncoding = 4; lastKnownFileType = sourcecode.c.h; path = MPUMposUiAppearance.h; sourceTree = "<group>"; };
		2DDA93D01A8A0270002C246A /* MPUMposUiConfiguration.h */ = {isa = PBXFileReference; fileEncoding = 4; lastKnownFileType = sourcecode.c.h; path = MPUMposUiConfiguration.h; sourceTree = "<group>"; };
		3848B4A47AE3D5FA03324DB9 /* libPods-mpos-ui.podsdummy.a */ = {isa = PBXFileReference; explicitFileType = archive.ar; includeInIndex = 0; path = "libPods-mpos-ui.podsdummy.a"; sourceTree = BUILT_PRODUCTS_DIR; };
		44234B341B0DE5F700C1ABAE /* MPULoadTransactionController.h */ = {isa = PBXFileReference; fileEncoding = 4; lastKnownFileType = sourcecode.c.h; path = MPULoadTransactionController.h; sourceTree = "<group>"; };
		44234B351B0DE5F700C1ABAE /* MPULoadTransactionController.m */ = {isa = PBXFileReference; fileEncoding = 4; lastKnownFileType = sourcecode.c.objc; path = MPULoadTransactionController.m; sourceTree = "<group>"; };
		445DAF441C56314100438186 /* secureretail.plist */ = {isa = PBXFileReference; fileEncoding = 4; lastKnownFileType = text.plist.xml; path = secureretail.plist; sourceTree = "<group>"; };
		445DAF511C56569200438186 /* pl */ = {isa = PBXFileReference; lastKnownFileType = text.plist.strings; name = pl; path = "pl.lproj/mpos-ui.strings"; sourceTree = "<group>"; };
		4461B23C1B9478F600EE55AF /* MPULoginController.h */ = {isa = PBXFileReference; fileEncoding = 4; lastKnownFileType = sourcecode.c.h; path = MPULoginController.h; sourceTree = "<group>"; };
		4461B23D1B9478F600EE55AF /* MPULoginController.m */ = {isa = PBXFileReference; fileEncoding = 4; lastKnownFileType = sourcecode.c.objc; path = MPULoginController.m; sourceTree = "<group>"; };
		4461B2401B9498BD00EE55AF /* MPUApplicationData.h */ = {isa = PBXFileReference; fileEncoding = 4; lastKnownFileType = sourcecode.c.h; path = MPUApplicationData.h; sourceTree = "<group>"; };
		4461B2411B9498BD00EE55AF /* MPUApplicationData.m */ = {isa = PBXFileReference; fileEncoding = 4; lastKnownFileType = sourcecode.c.objc; path = MPUApplicationData.m; sourceTree = "<group>"; };
		4461B2481B949E5B00EE55AF /* MPUSettingsController.h */ = {isa = PBXFileReference; fileEncoding = 4; lastKnownFileType = sourcecode.c.h; path = MPUSettingsController.h; sourceTree = "<group>"; };
		4461B2491B949E5B00EE55AF /* MPUSettingsController.m */ = {isa = PBXFileReference; fileEncoding = 4; lastKnownFileType = sourcecode.c.objc; path = MPUSettingsController.m; sourceTree = "<group>"; };
		4461B24C1B94A26100EE55AF /* MPUAbstractTableViewController.h */ = {isa = PBXFileReference; fileEncoding = 4; lastKnownFileType = sourcecode.c.h; path = MPUAbstractTableViewController.h; sourceTree = "<group>"; };
		4461B24D1B94A26100EE55AF /* MPUAbstractTableViewController.m */ = {isa = PBXFileReference; fileEncoding = 4; lastKnownFileType = sourcecode.c.objc; path = MPUAbstractTableViewController.m; sourceTree = "<group>"; };
		4461B2541B95B48E00EE55AF /* concardis.plist */ = {isa = PBXFileReference; fileEncoding = 4; lastKnownFileType = text.plist.xml; path = concardis.plist; sourceTree = "<group>"; };
		4461B2571B96ED1D00EE55AF /* mcashier.plist */ = {isa = PBXFileReference; fileEncoding = 4; lastKnownFileType = text.plist.xml; path = mcashier.plist; sourceTree = "<group>"; };
		4461B2591B973BA700EE55AF /* MPUSettingsContainerViewController.h */ = {isa = PBXFileReference; fileEncoding = 4; lastKnownFileType = sourcecode.c.h; path = MPUSettingsContainerViewController.h; sourceTree = "<group>"; };
		4461B25A1B973BA700EE55AF /* MPUSettingsContainerViewController.m */ = {isa = PBXFileReference; fileEncoding = 4; lastKnownFileType = sourcecode.c.objc; path = MPUSettingsContainerViewController.m; sourceTree = "<group>"; };
		4461B25E1B973C6700EE55AF /* MPUSettingsMainController.h */ = {isa = PBXFileReference; fileEncoding = 4; lastKnownFileType = sourcecode.c.h; path = MPUSettingsMainController.h; sourceTree = "<group>"; };
		4461B25F1B973C6700EE55AF /* MPUSettingsMainController.m */ = {isa = PBXFileReference; fileEncoding = 4; lastKnownFileType = sourcecode.c.objc; path = MPUSettingsMainController.m; sourceTree = "<group>"; };
		4461B2631B98888200EE55AF /* MPULoginMainController.h */ = {isa = PBXFileReference; fileEncoding = 4; lastKnownFileType = sourcecode.c.h; path = MPULoginMainController.h; sourceTree = "<group>"; };
		4461B2641B98888200EE55AF /* MPULoginMainController.m */ = {isa = PBXFileReference; fileEncoding = 4; lastKnownFileType = sourcecode.c.objc; path = MPULoginMainController.m; sourceTree = "<group>"; };
		4461B2671B98893900EE55AF /* MPULoginContainerViewController.h */ = {isa = PBXFileReference; fileEncoding = 4; lastKnownFileType = sourcecode.c.h; path = MPULoginContainerViewController.h; sourceTree = "<group>"; };
		4461B2681B98893900EE55AF /* MPULoginContainerViewController.m */ = {isa = PBXFileReference; fileEncoding = 4; lastKnownFileType = sourcecode.c.objc; path = MPULoginContainerViewController.m; sourceTree = "<group>"; };
		447965681B1EF74600CB540E /* MPUPrintReceiptController.h */ = {isa = PBXFileReference; fileEncoding = 4; lastKnownFileType = sourcecode.c.h; path = MPUPrintReceiptController.h; sourceTree = "<group>"; };
		447965691B1EF74600CB540E /* MPUPrintReceiptController.m */ = {isa = PBXFileReference; fileEncoding = 4; lastKnownFileType = sourcecode.c.objc; path = MPUPrintReceiptController.m; sourceTree = "<group>"; };
		44AEEBD71B540AA200531369 /* MPUTransactionMainController.h */ = {isa = PBXFileReference; fileEncoding = 4; lastKnownFileType = sourcecode.c.h; path = MPUTransactionMainController.h; sourceTree = "<group>"; };
		44AEEBD81B540AA200531369 /* MPUTransactionMainController.m */ = {isa = PBXFileReference; fileEncoding = 4; lastKnownFileType = sourcecode.c.objc; lineEnding = 0; path = MPUTransactionMainController.m; sourceTree = "<group>"; xcLanguageSpecificationIdentifier = xcode.lang.objc; };
		44AEEBDB1B564DBE00531369 /* MPUAbstractMainController.h */ = {isa = PBXFileReference; fileEncoding = 4; lastKnownFileType = sourcecode.c.h; path = MPUAbstractMainController.h; sourceTree = "<group>"; };
		44AEEBDC1B564DBE00531369 /* MPUAbstractMainController.m */ = {isa = PBXFileReference; fileEncoding = 4; lastKnownFileType = sourcecode.c.objc; path = MPUAbstractMainController.m; sourceTree = "<group>"; };
		44AEEBDF1B58FACD00531369 /* MPUPrintReceiptMainController.h */ = {isa = PBXFileReference; fileEncoding = 4; lastKnownFileType = sourcecode.c.h; path = MPUPrintReceiptMainController.h; sourceTree = "<group>"; };
		44AEEBE01B58FACD00531369 /* MPUPrintReceiptMainController.m */ = {isa = PBXFileReference; fileEncoding = 4; lastKnownFileType = sourcecode.c.objc; path = MPUPrintReceiptMainController.m; sourceTree = "<group>"; };
		44AEEBE31B58FB5600531369 /* MPUPrintReceiptContainerViewController.h */ = {isa = PBXFileReference; fileEncoding = 4; lastKnownFileType = sourcecode.c.h; path = MPUPrintReceiptContainerViewController.h; sourceTree = "<group>"; };
		44AEEBE41B58FB5600531369 /* MPUPrintReceiptContainerViewController.m */ = {isa = PBXFileReference; fileEncoding = 4; lastKnownFileType = sourcecode.c.objc; path = MPUPrintReceiptContainerViewController.m; sourceTree = "<group>"; };
		44B3EE201BDFD8320089D194 /* fi */ = {isa = PBXFileReference; lastKnownFileType = text.plist.strings; name = fi; path = "mpos-ui.strings"; sourceTree = "<group>"; };
		44C6B04F1B629C04004C988C /* mpos.core-resources.bundle */ = {isa = PBXFileReference; lastKnownFileType = "wrapper.plug-in"; name = "mpos.core-resources.bundle"; path = "../Frameworks/mpos.core-resources.bundle"; sourceTree = "<group>"; };
		44C6B0501B629C04004C988C /* mpos.core.framework */ = {isa = PBXFileReference; lastKnownFileType = wrapper.framework; name = mpos.core.framework; path = ../Frameworks/mpos.core.framework; sourceTree = "<group>"; };
		44D986061B4C3E53006F2F62 /* MPUEmptySegue.h */ = {isa = PBXFileReference; fileEncoding = 4; lastKnownFileType = sourcecode.c.h; path = MPUEmptySegue.h; sourceTree = "<group>"; };
		44D986071B4C3E53006F2F62 /* MPUEmptySegue.m */ = {isa = PBXFileReference; fileEncoding = 4; lastKnownFileType = sourcecode.c.objc; path = MPUEmptySegue.m; sourceTree = "<group>"; };
		44E918141B4BE30F0085FB8E /* MPUAbstractContainerViewController.h */ = {isa = PBXFileReference; fileEncoding = 4; lastKnownFileType = sourcecode.c.h; path = MPUAbstractContainerViewController.h; sourceTree = "<group>"; };
		44E918151B4BE30F0085FB8E /* MPUAbstractContainerViewController.m */ = {isa = PBXFileReference; fileEncoding = 4; lastKnownFileType = sourcecode.c.objc; path = MPUAbstractContainerViewController.m; sourceTree = "<group>"; };
		44E918181B4BE47C0085FB8E /* MPUTransactionContainerViewController.h */ = {isa = PBXFileReference; fileEncoding = 4; lastKnownFileType = sourcecode.c.h; path = MPUTransactionContainerViewController.h; sourceTree = "<group>"; };
		44E918191B4BE47C0085FB8E /* MPUTransactionContainerViewController.m */ = {isa = PBXFileReference; fileEncoding = 4; lastKnownFileType = sourcecode.c.objc; path = MPUTransactionContainerViewController.m; sourceTree = "<group>"; };
		44E9181C1B4BE4CA0085FB8E /* MPUSummaryContainerViewController.h */ = {isa = PBXFileReference; fileEncoding = 4; lastKnownFileType = sourcecode.c.h; path = MPUSummaryContainerViewController.h; sourceTree = "<group>"; };
		44E9181D1B4BE4CA0085FB8E /* MPUSummaryContainerViewController.m */ = {isa = PBXFileReference; fileEncoding = 4; lastKnownFileType = sourcecode.c.objc; path = MPUSummaryContainerViewController.m; sourceTree = "<group>"; };
		44F4D1621B4FB20E00EC26C7 /* MPUSummaryMainController.h */ = {isa = PBXFileReference; fileEncoding = 4; lastKnownFileType = sourcecode.c.h; path = MPUSummaryMainController.h; sourceTree = "<group>"; };
		44F4D1631B4FB20E00EC26C7 /* MPUSummaryMainController.m */ = {isa = PBXFileReference; fileEncoding = 4; lastKnownFileType = sourcecode.c.objc; path = MPUSummaryMainController.m; sourceTree = "<group>"; };
		5B9EB297CBE67376AE841023 /* Pods-mpos-ui.release.xcconfig */ = {isa = PBXFileReference; includeInIndex = 1; lastKnownFileType = text.xcconfig; name = "Pods-mpos-ui.release.xcconfig"; path = "Pods/Target Support Files/Pods-mpos-ui/Pods-mpos-ui.release.xcconfig"; sourceTree = "<group>"; };
		75E6F9AC55DFE8CBF7E4A395 /* Pods-mpos-ui.debug.xcconfig */ = {isa = PBXFileReference; includeInIndex = 1; lastKnownFileType = text.xcconfig; name = "Pods-mpos-ui.debug.xcconfig"; path = "Pods/Target Support Files/Pods-mpos-ui/Pods-mpos-ui.debug.xcconfig"; sourceTree = "<group>"; };
		B34C97841CCE4CEA0092A8D4 /* MPUSummaryController.h */ = {isa = PBXFileReference; fileEncoding = 4; lastKnownFileType = sourcecode.c.h; path = MPUSummaryController.h; sourceTree = "<group>"; };
		B34C97851CCE4CEA0092A8D4 /* MPUSummaryController.m */ = {isa = PBXFileReference; fileEncoding = 4; lastKnownFileType = sourcecode.c.objc; path = MPUSummaryController.m; sourceTree = "<group>"; };
		B35AFE631D7854E60088C3B7 /* MPUTransactionCell.h */ = {isa = PBXFileReference; fileEncoding = 4; lastKnownFileType = sourcecode.c.h; path = MPUTransactionCell.h; sourceTree = "<group>"; };
		B35AFE641D7854E60088C3B7 /* MPUTransactionCell.m */ = {isa = PBXFileReference; fileEncoding = 4; lastKnownFileType = sourcecode.c.objc; path = MPUTransactionCell.m; sourceTree = "<group>"; };
		B395AC4B1CD79ECA00C4CEE4 /* yourbrand.plist */ = {isa = PBXFileReference; fileEncoding = 4; lastKnownFileType = text.plist.xml; path = yourbrand.plist; sourceTree = "<group>"; };
		B395AC561CD8E53D00C4CEE4 /* MPUTransactionHeaderCell.h */ = {isa = PBXFileReference; fileEncoding = 4; lastKnownFileType = sourcecode.c.h; path = MPUTransactionHeaderCell.h; sourceTree = "<group>"; };
		B395AC571CD8E53D00C4CEE4 /* MPUTransactionHeaderCell.m */ = {isa = PBXFileReference; fileEncoding = 4; lastKnownFileType = sourcecode.c.objc; path = MPUTransactionHeaderCell.m; sourceTree = "<group>"; };
		B395AC5E1CD8E6F800C4CEE4 /* MPUTransactionCardCell.h */ = {isa = PBXFileReference; fileEncoding = 4; lastKnownFileType = sourcecode.c.h; path = MPUTransactionCardCell.h; sourceTree = "<group>"; };
		B395AC5F1CD8E6F800C4CEE4 /* MPUTransactionCardCell.m */ = {isa = PBXFileReference; fileEncoding = 4; lastKnownFileType = sourcecode.c.objc; path = MPUTransactionCardCell.m; sourceTree = "<group>"; };
		B395AC621CD8E75D00C4CEE4 /* MPUTransactionSubjectCell.h */ = {isa = PBXFileReference; fileEncoding = 4; lastKnownFileType = sourcecode.c.h; path = MPUTransactionSubjectCell.h; sourceTree = "<group>"; };
		B395AC631CD8E75D00C4CEE4 /* MPUTransactionSubjectCell.m */ = {isa = PBXFileReference; fileEncoding = 4; lastKnownFileType = sourcecode.c.objc; path = MPUTransactionSubjectCell.m; sourceTree = "<group>"; };
		B395AC661CD8E79200C4CEE4 /* MPUTransactionActionsCell.h */ = {isa = PBXFileReference; fileEncoding = 4; lastKnownFileType = sourcecode.c.h; path = MPUTransactionActionsCell.h; sourceTree = "<group>"; };
		B395AC671CD8E79200C4CEE4 /* MPUTransactionActionsCell.m */ = {isa = PBXFileReference; fileEncoding = 4; lastKnownFileType = sourcecode.c.objc; path = MPUTransactionActionsCell.m; sourceTree = "<group>"; };
		B395AC6A1CD8E82E00C4CEE4 /* MPUTransactionHistoryDetailCell.h */ = {isa = PBXFileReference; fileEncoding = 4; lastKnownFileType = sourcecode.c.h; path = MPUTransactionHistoryDetailCell.h; sourceTree = "<group>"; };
		B395AC6B1CD8E82E00C4CEE4 /* MPUTransactionHistoryDetailCell.m */ = {isa = PBXFileReference; fileEncoding = 4; lastKnownFileType = sourcecode.c.objc; path = MPUTransactionHistoryDetailCell.m; sourceTree = "<group>"; };
		B395AC6E1CD8E85200C4CEE4 /* MPUTransactionDateFooterCell.h */ = {isa = PBXFileReference; fileEncoding = 4; lastKnownFileType = sourcecode.c.h; path = MPUTransactionDateFooterCell.h; sourceTree = "<group>"; };
		B395AC6F1CD8E85200C4CEE4 /* MPUTransactionDateFooterCell.m */ = {isa = PBXFileReference; fileEncoding = 4; lastKnownFileType = sourcecode.c.objc; path = MPUTransactionDateFooterCell.m; sourceTree = "<group>"; };
		B395AC721CD8E9F900C4CEE4 /* MPUCellBuilder.h */ = {isa = PBXFileReference; fileEncoding = 4; lastKnownFileType = sourcecode.c.h; path = MPUCellBuilder.h; sourceTree = "<group>"; };
		B395AC731CD8E9F900C4CEE4 /* MPUCellBuilder.m */ = {isa = PBXFileReference; fileEncoding = 4; lastKnownFileType = sourcecode.c.objc; path = MPUCellBuilder.m; sourceTree = "<group>"; };
		B3C1C62C1D47BAE800780E4B /* LICENSE.h */ = {isa = PBXFileReference; fileEncoding = 4; lastKnownFileType = sourcecode.c.h; path = LICENSE.h; sourceTree = "<group>"; };
		B3FBBFBA1D1445B600A2EDB0 /* sv */ = {isa = PBXFileReference; lastKnownFileType = text.plist.strings; name = sv; path = "mpos-ui.strings"; sourceTree = "<group>"; };
		CCCBA9E84E7D3D6668670AEB /* Pods-mpos-ui.podsdummy.release.xcconfig */ = {isa = PBXFileReference; includeInIndex = 1; lastKnownFileType = text.xcconfig; name = "Pods-mpos-ui.podsdummy.release.xcconfig"; path = "Pods/Target Support Files/Pods-mpos-ui.podsdummy/Pods-mpos-ui.podsdummy.release.xcconfig"; sourceTree = "<group>"; };
		F46242B51B3C6A7A00274B6F /* mpos-ui.pch */ = {isa = PBXFileReference; fileEncoding = 4; lastKnownFileType = sourcecode.c.h; path = "mpos-ui.pch"; sourceTree = "<group>"; };
		F486823D1B0CA93C0042FF15 /* libmpos-ui.a */ = {isa = PBXFileReference; explicitFileType = archive.ar; includeInIndex = 0; path = "libmpos-ui.a"; sourceTree = BUILT_PRODUCTS_DIR; };
		F48682581B0CA9A80042FF15 /* mpos-ui-resources.bundle */ = {isa = PBXFileReference; explicitFileType = wrapper.cfbundle; includeInIndex = 0; path = "mpos-ui-resources.bundle"; sourceTree = BUILT_PRODUCTS_DIR; };
		F48682AE1B0CBA570042FF15 /* de */ = {isa = PBXFileReference; lastKnownFileType = text.plist.strings; name = de; path = "mpos-ui.strings"; sourceTree = "<group>"; };
		F48682B11B0CBA570042FF15 /* en */ = {isa = PBXFileReference; lastKnownFileType = text.plist.strings; name = en; path = "mpos-ui.strings"; sourceTree = "<group>"; };
		F48682B41B0CBA570042FF15 /* es */ = {isa = PBXFileReference; lastKnownFileType = text.plist.strings; name = es; path = "mpos-ui.strings"; sourceTree = "<group>"; };
		F48682B51B0CBA570042FF15 /* FontAwesome.otf */ = {isa = PBXFileReference; lastKnownFileType = file; path = FontAwesome.otf; sourceTree = "<group>"; };
		F48682B81B0CBA570042FF15 /* fr */ = {isa = PBXFileReference; lastKnownFileType = text.plist.strings; name = fr; path = "mpos-ui.strings"; sourceTree = "<group>"; };
		F48682B91B0CBA570042FF15 /* Images.xcassets */ = {isa = PBXFileReference; lastKnownFileType = folder.assetcatalog; path = Images.xcassets; sourceTree = "<group>"; };
		F48682BC1B0CBA570042FF15 /* it */ = {isa = PBXFileReference; lastKnownFileType = text.plist.strings; name = it; path = "mpos-ui.strings"; sourceTree = "<group>"; };
		F48682BD1B0CBA570042FF15 /* mpos-ui.storyboard */ = {isa = PBXFileReference; fileEncoding = 4; lastKnownFileType = file.storyboard; path = "mpos-ui.storyboard"; sourceTree = "<group>"; };
		F48682C01B0CBA570042FF15 /* nl */ = {isa = PBXFileReference; lastKnownFileType = text.plist.strings; name = nl; path = "mpos-ui.strings"; sourceTree = "<group>"; };
		F48682C11B0CBA6B0042FF15 /* Info.plist */ = {isa = PBXFileReference; fileEncoding = 4; lastKnownFileType = text.plist.xml; path = Info.plist; sourceTree = "<group>"; };
		F48682C31B0CBAF70042FF15 /* mpos-ui.h */ = {isa = PBXFileReference; fileEncoding = 4; lastKnownFileType = sourcecode.c.h; name = "mpos-ui.h"; path = "External/mpos-ui.h"; sourceTree = SOURCE_ROOT; };
		F48682CD1B0CBC6A0042FF15 /* libmpos-ui.podsdummy.a */ = {isa = PBXFileReference; explicitFileType = archive.ar; includeInIndex = 0; path = "libmpos-ui.podsdummy.a"; sourceTree = BUILT_PRODUCTS_DIR; };
		F48682FE1B0CBF760042FF15 /* MPUMposUi.m */ = {isa = PBXFileReference; fileEncoding = 4; lastKnownFileType = sourcecode.c.objc; name = MPUMposUi.m; path = Internal/MPUMposUi.m; sourceTree = SOURCE_ROOT; };
		F48682FF1B0CBF760042FF15 /* MPUMposUiAppearance.m */ = {isa = PBXFileReference; fileEncoding = 4; lastKnownFileType = sourcecode.c.objc; name = MPUMposUiAppearance.m; path = Internal/MPUMposUiAppearance.m; sourceTree = SOURCE_ROOT; };
		F48683001B0CBF760042FF15 /* MPUMposUiConfiguration.m */ = {isa = PBXFileReference; fileEncoding = 4; lastKnownFileType = sourcecode.c.objc; name = MPUMposUiConfiguration.m; path = Internal/MPUMposUiConfiguration.m; sourceTree = SOURCE_ROOT; };
		F48683041B0CBF880042FF15 /* MPUAbstractController.h */ = {isa = PBXFileReference; fileEncoding = 4; lastKnownFileType = sourcecode.c.h; name = MPUAbstractController.h; path = Internal/MPUAbstractController.h; sourceTree = SOURCE_ROOT; };
		F48683051B0CBF880042FF15 /* MPUAbstractController.m */ = {isa = PBXFileReference; fileEncoding = 4; lastKnownFileType = sourcecode.c.objc; name = MPUAbstractController.m; path = Internal/MPUAbstractController.m; sourceTree = SOURCE_ROOT; };
		F48683061B0CBF880042FF15 /* MPUApplicationSelectionController.h */ = {isa = PBXFileReference; fileEncoding = 4; lastKnownFileType = sourcecode.c.h; name = MPUApplicationSelectionController.h; path = Internal/MPUApplicationSelectionController.h; sourceTree = SOURCE_ROOT; };
		F48683071B0CBF880042FF15 /* MPUApplicationSelectionController.m */ = {isa = PBXFileReference; fileEncoding = 4; lastKnownFileType = sourcecode.c.objc; name = MPUApplicationSelectionController.m; path = Internal/MPUApplicationSelectionController.m; sourceTree = SOURCE_ROOT; };
		F48683081B0CBF880042FF15 /* MPUErrorController.h */ = {isa = PBXFileReference; fileEncoding = 4; lastKnownFileType = sourcecode.c.h; name = MPUErrorController.h; path = Internal/MPUErrorController.h; sourceTree = SOURCE_ROOT; };
		F48683091B0CBF880042FF15 /* MPUErrorController.m */ = {isa = PBXFileReference; fileEncoding = 4; lastKnownFileType = sourcecode.c.objc; name = MPUErrorController.m; path = Internal/MPUErrorController.m; sourceTree = SOURCE_ROOT; };
		F486830D1B0CBF880042FF15 /* MPUTransactionController.h */ = {isa = PBXFileReference; fileEncoding = 4; lastKnownFileType = sourcecode.c.h; name = MPUTransactionController.h; path = Internal/MPUTransactionController.h; sourceTree = SOURCE_ROOT; };
		F486830E1B0CBF880042FF15 /* MPUTransactionController.m */ = {isa = PBXFileReference; fileEncoding = 4; lastKnownFileType = sourcecode.c.objc; name = MPUTransactionController.m; path = Internal/MPUTransactionController.m; sourceTree = SOURCE_ROOT; };
		F486830F1B0CBF880042FF15 /* MPUProgressView.h */ = {isa = PBXFileReference; fileEncoding = 4; lastKnownFileType = sourcecode.c.h; name = MPUProgressView.h; path = Internal/MPUProgressView.h; sourceTree = SOURCE_ROOT; };
		F48683101B0CBF880042FF15 /* MPUProgressView.m */ = {isa = PBXFileReference; fileEncoding = 4; lastKnownFileType = sourcecode.c.objc; name = MPUProgressView.m; path = Internal/MPUProgressView.m; sourceTree = SOURCE_ROOT; };
		F48683111B0CBF880042FF15 /* MPUSendReceiptController.h */ = {isa = PBXFileReference; fileEncoding = 4; lastKnownFileType = sourcecode.c.h; name = MPUSendReceiptController.h; path = Internal/MPUSendReceiptController.h; sourceTree = SOURCE_ROOT; };
		F48683121B0CBF880042FF15 /* MPUSendReceiptController.m */ = {isa = PBXFileReference; fileEncoding = 4; lastKnownFileType = sourcecode.c.objc; name = MPUSendReceiptController.m; path = Internal/MPUSendReceiptController.m; sourceTree = SOURCE_ROOT; };
		F48683241B0CBF970042FF15 /* MPUUIHelper.h */ = {isa = PBXFileReference; fileEncoding = 4; lastKnownFileType = sourcecode.c.h; name = MPUUIHelper.h; path = Internal/MPUUIHelper.h; sourceTree = SOURCE_ROOT; };
		F48683251B0CBF970042FF15 /* MPUUIHelper.m */ = {isa = PBXFileReference; fileEncoding = 4; lastKnownFileType = sourcecode.c.objc; lineEnding = 0; name = MPUUIHelper.m; path = Internal/MPUUIHelper.m; sourceTree = SOURCE_ROOT; xcLanguageSpecificationIdentifier = xcode.lang.objc; };
		F486832A1B0CC0A10042FF15 /* MPUMposUi.h */ = {isa = PBXFileReference; fileEncoding = 4; lastKnownFileType = sourcecode.c.h; name = MPUMposUi.h; path = External/MPUMposUi.h; sourceTree = SOURCE_ROOT; };
		F486832C1B0CECCE0042FF15 /* MPUMposUi_Internal.h */ = {isa = PBXFileReference; fileEncoding = 4; lastKnownFileType = sourcecode.c.h; path = MPUMposUi_Internal.h; sourceTree = "<group>"; };
/* End PBXFileReference section */

/* Begin PBXFrameworksBuildPhase section */
		F486823A1B0CA93C0042FF15 /* Frameworks */ = {
			isa = PBXFrameworksBuildPhase;
			buildActionMask = 2147483647;
			files = (
				7E49EEB39D1DBCD22ACF9559 /* libPods-mpos-ui.a in Frameworks */,
			);
			runOnlyForDeploymentPostprocessing = 0;
		};
		F48682551B0CA9A80042FF15 /* Frameworks */ = {
			isa = PBXFrameworksBuildPhase;
			buildActionMask = 2147483647;
			files = (
			);
			runOnlyForDeploymentPostprocessing = 0;
		};
		F48682CA1B0CBC6A0042FF15 /* Frameworks */ = {
			isa = PBXFrameworksBuildPhase;
			buildActionMask = 2147483647;
			files = (
				4278ED4B1D1CFC0039195A77 /* libPods-mpos-ui.podsdummy.a in Frameworks */,
			);
			runOnlyForDeploymentPostprocessing = 0;
		};
/* End PBXFrameworksBuildPhase section */

/* Begin PBXGroup section */
		2D959B5B1A7B8D0F00DC5310 = {
			isa = PBXGroup;
			children = (
				2D959B671A7B8D0F00DC5310 /* mpos-ui */,
				2D959B661A7B8D0F00DC5310 /* Products */,
				2D959B901A7B8DD400DC5310 /* Resources */,
				A7E1C857019530F746C6C2CA /* Frameworks */,
				953122E2C857066A9B07E0DA /* Pods */,
			);
			sourceTree = "<group>";
		};
		2D959B661A7B8D0F00DC5310 /* Products */ = {
			isa = PBXGroup;
			children = (
				F486823D1B0CA93C0042FF15 /* libmpos-ui.a */,
				F48682581B0CA9A80042FF15 /* mpos-ui-resources.bundle */,
				F48682CD1B0CBC6A0042FF15 /* libmpos-ui.podsdummy.a */,
			);
			name = Products;
			sourceTree = "<group>";
		};
		2D959B671A7B8D0F00DC5310 /* mpos-ui */ = {
			isa = PBXGroup;
			children = (
				F48682C21B0CBAE80042FF15 /* External */,
				F48682C51B0CBB160042FF15 /* Internal */,
			);
			name = "mpos-ui";
			sourceTree = "<group>";
		};
		2D959B901A7B8DD400DC5310 /* Resources */ = {
			isa = PBXGroup;
			children = (
				F46242B51B3C6A7A00274B6F /* mpos-ui.pch */,
				F48682C11B0CBA6B0042FF15 /* Info.plist */,
				F48682AC1B0CBA570042FF15 /* de.lproj */,
				F48682AF1B0CBA570042FF15 /* en.lproj */,
				F48682B21B0CBA570042FF15 /* es.lproj */,
				F48682B61B0CBA570042FF15 /* fr.lproj */,
				F48682BA1B0CBA570042FF15 /* it.lproj */,
				F48682BE1B0CBA570042FF15 /* nl.lproj */,
				44B3EE141BDFD1870089D194 /* fi.lproj */,
				445DAF531C5656A100438186 /* pl.lproj */,
				B3FBBFB81D1445B600A2EDB0 /* sv.lproj */,
				F48682BD1B0CBA570042FF15 /* mpos-ui.storyboard */,
				F48682B51B0CBA570042FF15 /* FontAwesome.otf */,
				F48682B91B0CBA570042FF15 /* Images.xcassets */,
				4461B2551B95B49700EE55AF /* application-customization */,
			);
			path = Resources;
			sourceTree = "<group>";
		};
		445D0E041B5D1B8A009F794F /* ContainerViewController */ = {
			isa = PBXGroup;
			children = (
				44E918141B4BE30F0085FB8E /* MPUAbstractContainerViewController.h */,
				44E918151B4BE30F0085FB8E /* MPUAbstractContainerViewController.m */,
				44E918181B4BE47C0085FB8E /* MPUTransactionContainerViewController.h */,
				44E918191B4BE47C0085FB8E /* MPUTransactionContainerViewController.m */,
				44E9181C1B4BE4CA0085FB8E /* MPUSummaryContainerViewController.h */,
				44E9181D1B4BE4CA0085FB8E /* MPUSummaryContainerViewController.m */,
				44AEEBE31B58FB5600531369 /* MPUPrintReceiptContainerViewController.h */,
				44AEEBE41B58FB5600531369 /* MPUPrintReceiptContainerViewController.m */,
				4461B2591B973BA700EE55AF /* MPUSettingsContainerViewController.h */,
				4461B25A1B973BA700EE55AF /* MPUSettingsContainerViewController.m */,
				4461B2671B98893900EE55AF /* MPULoginContainerViewController.h */,
				4461B2681B98893900EE55AF /* MPULoginContainerViewController.m */,
			);
			name = ContainerViewController;
			sourceTree = "<group>";
		};
		445DAF531C5656A100438186 /* pl.lproj */ = {
			isa = PBXGroup;
			children = (
				445DAF501C56569200438186 /* mpos-ui.strings */,
			);
			name = pl.lproj;
			sourceTree = "<group>";
		};
		4461B2551B95B49700EE55AF /* application-customization */ = {
			isa = PBXGroup;
			children = (
				4461B2541B95B48E00EE55AF /* concardis.plist */,
				4461B2571B96ED1D00EE55AF /* mcashier.plist */,
				445DAF441C56314100438186 /* secureretail.plist */,
				B395AC4B1CD79ECA00C4CEE4 /* yourbrand.plist */,
			);
			path = "application-customization";
			sourceTree = "<group>";
		};
		44B3EE141BDFD1870089D194 /* fi.lproj */ = {
			isa = PBXGroup;
			children = (
				44B3EE1F1BDFD8320089D194 /* mpos-ui.strings */,
			);
			path = fi.lproj;
			sourceTree = "<group>";
		};
		44F4D1611B4FB1AC00EC26C7 /* ParentViewController */ = {
			isa = PBXGroup;
			children = (
				44AEEBDB1B564DBE00531369 /* MPUAbstractMainController.h */,
				44AEEBDC1B564DBE00531369 /* MPUAbstractMainController.m */,
				44AEEBD71B540AA200531369 /* MPUTransactionMainController.h */,
				44AEEBD81B540AA200531369 /* MPUTransactionMainController.m */,
				44F4D1621B4FB20E00EC26C7 /* MPUSummaryMainController.h */,
				44F4D1631B4FB20E00EC26C7 /* MPUSummaryMainController.m */,
				44AEEBDF1B58FACD00531369 /* MPUPrintReceiptMainController.h */,
				44AEEBE01B58FACD00531369 /* MPUPrintReceiptMainController.m */,
				4461B25E1B973C6700EE55AF /* MPUSettingsMainController.h */,
				4461B25F1B973C6700EE55AF /* MPUSettingsMainController.m */,
				4461B2631B98888200EE55AF /* MPULoginMainController.h */,
				4461B2641B98888200EE55AF /* MPULoginMainController.m */,
			);
			name = ParentViewController;
			sourceTree = "<group>";
		};
		953122E2C857066A9B07E0DA /* Pods */ = {
			isa = PBXGroup;
			children = (
				21A6586CE6DC2E960D917DF7 /* Pods-mpos-ui.podsdummy.debug.xcconfig */,
				CCCBA9E84E7D3D6668670AEB /* Pods-mpos-ui.podsdummy.release.xcconfig */,
				75E6F9AC55DFE8CBF7E4A395 /* Pods-mpos-ui.debug.xcconfig */,
				5B9EB297CBE67376AE841023 /* Pods-mpos-ui.release.xcconfig */,
			);
			name = Pods;
			sourceTree = "<group>";
		};
		A7E1C857019530F746C6C2CA /* Frameworks */ = {
			isa = PBXGroup;
			children = (
				44C6B04F1B629C04004C988C /* mpos.core-resources.bundle */,
				44C6B0501B629C04004C988C /* mpos.core.framework */,
				2D959B821A7B8D7A00DC5310 /* SystemConfiguration.framework */,
				2D959B801A7B8D7200DC5310 /* ExternalAccessory.framework */,
				3848B4A47AE3D5FA03324DB9 /* libPods-mpos-ui.podsdummy.a */,
				0F004FA6DDCFDE0143C0B06F /* libPods-mpos-ui.a */,
			);
			name = Frameworks;
			sourceTree = "<group>";
		};
		B395AC551CD8E50400C4CEE4 /* TransactionCells */ = {
			isa = PBXGroup;
			children = (
				B35AFE631D7854E60088C3B7 /* MPUTransactionCell.h */,
				B35AFE641D7854E60088C3B7 /* MPUTransactionCell.m */,
				B395AC561CD8E53D00C4CEE4 /* MPUTransactionHeaderCell.h */,
				B395AC571CD8E53D00C4CEE4 /* MPUTransactionHeaderCell.m */,
				B395AC5E1CD8E6F800C4CEE4 /* MPUTransactionCardCell.h */,
				B395AC5F1CD8E6F800C4CEE4 /* MPUTransactionCardCell.m */,
				B395AC621CD8E75D00C4CEE4 /* MPUTransactionSubjectCell.h */,
				B395AC631CD8E75D00C4CEE4 /* MPUTransactionSubjectCell.m */,
				B395AC661CD8E79200C4CEE4 /* MPUTransactionActionsCell.h */,
				B395AC671CD8E79200C4CEE4 /* MPUTransactionActionsCell.m */,
				B395AC6A1CD8E82E00C4CEE4 /* MPUTransactionHistoryDetailCell.h */,
				B395AC6B1CD8E82E00C4CEE4 /* MPUTransactionHistoryDetailCell.m */,
				B395AC6E1CD8E85200C4CEE4 /* MPUTransactionDateFooterCell.h */,
				B395AC6F1CD8E85200C4CEE4 /* MPUTransactionDateFooterCell.m */,
				B395AC721CD8E9F900C4CEE4 /* MPUCellBuilder.h */,
				B395AC731CD8E9F900C4CEE4 /* MPUCellBuilder.m */,
			);
			path = TransactionCells;
			sourceTree = "<group>";
		};
		B3FBBFB81D1445B600A2EDB0 /* sv.lproj */ = {
			isa = PBXGroup;
			children = (
				B3FBBFB91D1445B600A2EDB0 /* mpos-ui.strings */,
			);
			path = sv.lproj;
			sourceTree = "<group>";
		};
		F48682AC1B0CBA570042FF15 /* de.lproj */ = {
			isa = PBXGroup;
			children = (
				F48682AD1B0CBA570042FF15 /* mpos-ui.strings */,
			);
			path = de.lproj;
			sourceTree = "<group>";
		};
		F48682AF1B0CBA570042FF15 /* en.lproj */ = {
			isa = PBXGroup;
			children = (
				F48682B01B0CBA570042FF15 /* mpos-ui.strings */,
			);
			path = en.lproj;
			sourceTree = "<group>";
		};
		F48682B21B0CBA570042FF15 /* es.lproj */ = {
			isa = PBXGroup;
			children = (
				F48682B31B0CBA570042FF15 /* mpos-ui.strings */,
			);
			path = es.lproj;
			sourceTree = "<group>";
		};
		F48682B61B0CBA570042FF15 /* fr.lproj */ = {
			isa = PBXGroup;
			children = (
				F48682B71B0CBA570042FF15 /* mpos-ui.strings */,
			);
			path = fr.lproj;
			sourceTree = "<group>";
		};
		F48682BA1B0CBA570042FF15 /* it.lproj */ = {
			isa = PBXGroup;
			children = (
				F48682BB1B0CBA570042FF15 /* mpos-ui.strings */,
			);
			path = it.lproj;
			sourceTree = "<group>";
		};
		F48682BE1B0CBA570042FF15 /* nl.lproj */ = {
			isa = PBXGroup;
			children = (
				F48682BF1B0CBA570042FF15 /* mpos-ui.strings */,
			);
			path = nl.lproj;
			sourceTree = "<group>";
		};
		F48682C21B0CBAE80042FF15 /* External */ = {
			isa = PBXGroup;
			children = (
				F48682C31B0CBAF70042FF15 /* mpos-ui.h */,
				F486832A1B0CC0A10042FF15 /* MPUMposUi.h */,
				2DDA93CF1A8A0270002C246A /* MPUMposUiAppearance.h */,
				2DDA93D01A8A0270002C246A /* MPUMposUiConfiguration.h */,
				B3C1C62C1D47BAE800780E4B /* LICENSE.h */,
			);
			path = External;
			sourceTree = "<group>";
		};
		F48682C51B0CBB160042FF15 /* Internal */ = {
			isa = PBXGroup;
			children = (
				F48682C81B0CBBCC0042FF15 /* Controller */,
				F48682C71B0CBBBC0042FF15 /* UI */,
				F48682C61B0CBBAC0042FF15 /* Util */,
			);
			path = Internal;
			sourceTree = "<group>";
		};
		F48682C61B0CBBAC0042FF15 /* Util */ = {
			isa = PBXGroup;
			children = (
				F48683241B0CBF970042FF15 /* MPUUIHelper.h */,
				F48683251B0CBF970042FF15 /* MPUUIHelper.m */,
				44D986061B4C3E53006F2F62 /* MPUEmptySegue.h */,
				44D986071B4C3E53006F2F62 /* MPUEmptySegue.m */,
				4461B2401B9498BD00EE55AF /* MPUApplicationData.h */,
				4461B2411B9498BD00EE55AF /* MPUApplicationData.m */,
			);
			name = Util;
			sourceTree = "<group>";
		};
		F48682C71B0CBBBC0042FF15 /* UI */ = {
			isa = PBXGroup;
			children = (
				44F4D1611B4FB1AC00EC26C7 /* ParentViewController */,
				445D0E041B5D1B8A009F794F /* ContainerViewController */,
				F48683041B0CBF880042FF15 /* MPUAbstractController.h */,
				F48683051B0CBF880042FF15 /* MPUAbstractController.m */,
				4461B24C1B94A26100EE55AF /* MPUAbstractTableViewController.h */,
				4461B24D1B94A26100EE55AF /* MPUAbstractTableViewController.m */,
				F48683061B0CBF880042FF15 /* MPUApplicationSelectionController.h */,
				F48683071B0CBF880042FF15 /* MPUApplicationSelectionController.m */,
				F48683081B0CBF880042FF15 /* MPUErrorController.h */,
				F48683091B0CBF880042FF15 /* MPUErrorController.m */,
				B34C97841CCE4CEA0092A8D4 /* MPUSummaryController.h */,
				B34C97851CCE4CEA0092A8D4 /* MPUSummaryController.m */,
				F486830D1B0CBF880042FF15 /* MPUTransactionController.h */,
				F486830E1B0CBF880042FF15 /* MPUTransactionController.m */,
				F486830F1B0CBF880042FF15 /* MPUProgressView.h */,
				F48683101B0CBF880042FF15 /* MPUProgressView.m */,
				F48683111B0CBF880042FF15 /* MPUSendReceiptController.h */,
				F48683121B0CBF880042FF15 /* MPUSendReceiptController.m */,
				44234B341B0DE5F700C1ABAE /* MPULoadTransactionController.h */,
				44234B351B0DE5F700C1ABAE /* MPULoadTransactionController.m */,
				447965681B1EF74600CB540E /* MPUPrintReceiptController.h */,
				447965691B1EF74600CB540E /* MPUPrintReceiptController.m */,
				4461B23C1B9478F600EE55AF /* MPULoginController.h */,
				4461B23D1B9478F600EE55AF /* MPULoginController.m */,
				4461B2481B949E5B00EE55AF /* MPUSettingsController.h */,
				4461B2491B949E5B00EE55AF /* MPUSettingsController.m */,
				B395AC551CD8E50400C4CEE4 /* TransactionCells */,
			);
			name = UI;
			sourceTree = "<group>";
		};
		F48682C81B0CBBCC0042FF15 /* Controller */ = {
			isa = PBXGroup;
			children = (
				F486832C1B0CECCE0042FF15 /* MPUMposUi_Internal.h */,
				F48682FE1B0CBF760042FF15 /* MPUMposUi.m */,
				F48682FF1B0CBF760042FF15 /* MPUMposUiAppearance.m */,
				F48683001B0CBF760042FF15 /* MPUMposUiConfiguration.m */,
			);
			name = Controller;
			sourceTree = "<group>";
		};
/* End PBXGroup section */

/* Begin PBXHeadersBuildPhase section */
		F48682911B0CB6D30042FF15 /* Headers */ = {
			isa = PBXHeadersBuildPhase;
			buildActionMask = 2147483647;
			files = (
				B395AC601CD8E6F800C4CEE4 /* MPUTransactionCardCell.h in Headers */,
				4461B24A1B949E5B00EE55AF /* MPUSettingsController.h in Headers */,
				44AEEBE11B58FACD00531369 /* MPUPrintReceiptMainController.h in Headers */,
				44AEEBDD1B564DBE00531369 /* MPUAbstractMainController.h in Headers */,
				B395AC641CD8E75D00C4CEE4 /* MPUTransactionSubjectCell.h in Headers */,
				44234B361B0DE5F700C1ABAE /* MPULoadTransactionController.h in Headers */,
				44D986081B4C3E53006F2F62 /* MPUEmptySegue.h in Headers */,
				F486831E1B0CBF880042FF15 /* MPUProgressView.h in Headers */,
				B35AFE651D7854E60088C3B7 /* MPUTransactionCell.h in Headers */,
				4461B2691B98893900EE55AF /* MPULoginContainerViewController.h in Headers */,
				B395AC6C1CD8E82E00C4CEE4 /* MPUTransactionHistoryDetailCell.h in Headers */,
				F48683281B0CBF970042FF15 /* MPUUIHelper.h in Headers */,
				F48682F01B0CBDEA0042FF15 /* mpos-ui.h in Headers */,
				F486832D1B0CECCE0042FF15 /* MPUMposUi_Internal.h in Headers */,
				44E9181E1B4BE4CA0085FB8E /* MPUSummaryContainerViewController.h in Headers */,
				B395AC701CD8E85200C4CEE4 /* MPUTransactionDateFooterCell.h in Headers */,
				F48682F21B0CBDF40042FF15 /* MPUMposUiAppearance.h in Headers */,
				4461B23E1B9478F600EE55AF /* MPULoginController.h in Headers */,
				4461B24E1B94A26100EE55AF /* MPUAbstractTableViewController.h in Headers */,
				44F4D1641B4FB20E00EC26C7 /* MPUSummaryMainController.h in Headers */,
				F48682F31B0CBDF60042FF15 /* MPUMposUiConfiguration.h in Headers */,
				F48683131B0CBF880042FF15 /* MPUAbstractController.h in Headers */,
				44AEEBE51B58FB5600531369 /* MPUPrintReceiptContainerViewController.h in Headers */,
				4479656A1B1EF74600CB540E /* MPUPrintReceiptController.h in Headers */,
				44AEEBD91B540AA200531369 /* MPUTransactionMainController.h in Headers */,
				F46242B61B3C6A7A00274B6F /* mpos-ui.pch in Headers */,
				4461B2421B9498BD00EE55AF /* MPUApplicationData.h in Headers */,
				B395AC581CD8E53D00C4CEE4 /* MPUTransactionHeaderCell.h in Headers */,
				B3C1C62D1D47BAE800780E4B /* LICENSE.h in Headers */,
				F48683201B0CBF880042FF15 /* MPUSendReceiptController.h in Headers */,
				F486831C1B0CBF880042FF15 /* MPUTransactionController.h in Headers */,
				4461B2651B98888200EE55AF /* MPULoginMainController.h in Headers */,
				44E918161B4BE30F0085FB8E /* MPUAbstractContainerViewController.h in Headers */,
				4461B25B1B973BA700EE55AF /* MPUSettingsContainerViewController.h in Headers */,
				B395AC681CD8E79200C4CEE4 /* MPUTransactionActionsCell.h in Headers */,
				44E9181A1B4BE47C0085FB8E /* MPUTransactionContainerViewController.h in Headers */,
				B395AC741CD8E9F900C4CEE4 /* MPUCellBuilder.h in Headers */,
				B34C97861CCE4CEA0092A8D4 /* MPUSummaryController.h in Headers */,
				F486832B1B0CC0A10042FF15 /* MPUMposUi.h in Headers */,
				4461B2601B973C6700EE55AF /* MPUSettingsMainController.h in Headers */,
				F48683151B0CBF880042FF15 /* MPUApplicationSelectionController.h in Headers */,
				F48683171B0CBF880042FF15 /* MPUErrorController.h in Headers */,
			);
			runOnlyForDeploymentPostprocessing = 0;
		};
/* End PBXHeadersBuildPhase section */

/* Begin PBXNativeTarget section */
		F486823C1B0CA93C0042FF15 /* mpos-ui */ = {
			isa = PBXNativeTarget;
			buildConfigurationList = F48682521B0CA93D0042FF15 /* Build configuration list for PBXNativeTarget "mpos-ui" */;
			buildPhases = (
				9D4F291CAE99F54B02702D24 /* 📦 Check Pods Manifest.lock */,
				80CCF78401BCB6100A27858F /* [CP] Check Pods Manifest.lock */,
				F48682391B0CA93C0042FF15 /* Sources */,
				F486823A1B0CA93C0042FF15 /* Frameworks */,
				F48682911B0CB6D30042FF15 /* Headers */,
				F486823B1B0CA93C0042FF15 /* CopyFiles */,
				F48682831B0CABFC0042FF15 /* ShellScript */,
				6672B8A6B05A86E3E4E99DCA /* [CP] Copy Pods Resources */,
				94F24945BB7D9B34D55ACFB6 /* 📦 Copy Pods Resources */,
			);
			buildRules = (
			);
			dependencies = (
			);
			name = "mpos-ui";
			productName = mpos.ui;
			productReference = F486823D1B0CA93C0042FF15 /* libmpos-ui.a */;
			productType = "com.apple.product-type.library.static";
		};
		F48682571B0CA9A80042FF15 /* mpos-ui-resources */ = {
			isa = PBXNativeTarget;
			buildConfigurationList = F486825C1B0CA9A80042FF15 /* Build configuration list for PBXNativeTarget "mpos-ui-resources" */;
			buildPhases = (
				F48682541B0CA9A80042FF15 /* Sources */,
				F48682551B0CA9A80042FF15 /* Frameworks */,
				F48682561B0CA9A80042FF15 /* Resources */,
			);
			buildRules = (
			);
			dependencies = (
			);
			name = "mpos-ui-resources";
			productName = "mpos.ui-bundle";
			productReference = F48682581B0CA9A80042FF15 /* mpos-ui-resources.bundle */;
			productType = "com.apple.product-type.bundle";
		};
		F48682CC1B0CBC6A0042FF15 /* mpos-ui.podsdummy */ = {
			isa = PBXNativeTarget;
			buildConfigurationList = F48682E21B0CBC6A0042FF15 /* Build configuration list for PBXNativeTarget "mpos-ui.podsdummy" */;
			buildPhases = (
				02FC2826DEEA0BEF0DF81E13 /* 📦 Check Pods Manifest.lock */,
				6102E4AE36D76A1557000D59 /* [CP] Check Pods Manifest.lock */,
				F48682C91B0CBC6A0042FF15 /* Sources */,
				F48682CA1B0CBC6A0042FF15 /* Frameworks */,
				F48682CB1B0CBC6A0042FF15 /* CopyFiles */,
				ACD6148CB2E1857B9B4A50BF /* [CP] Copy Pods Resources */,
				0E000CA5921FF5AE00EA4824 /* 📦 Copy Pods Resources */,
			);
			buildRules = (
			);
			dependencies = (
			);
			name = "mpos-ui.podsdummy";
			productName = "mpos-ui.podsdummy";
			productReference = F48682CD1B0CBC6A0042FF15 /* libmpos-ui.podsdummy.a */;
			productType = "com.apple.product-type.library.static";
		};
/* End PBXNativeTarget section */

/* Begin PBXProject section */
		2D959B5C1A7B8D0F00DC5310 /* Project object */ = {
			isa = PBXProject;
			attributes = {
				LastUpgradeCheck = 0700;
				ORGANIZATIONNAME = payworks;
				TargetAttributes = {
					F486823C1B0CA93C0042FF15 = {
						CreatedOnToolsVersion = 6.1.1;
					};
					F48682571B0CA9A80042FF15 = {
						CreatedOnToolsVersion = 6.1.1;
					};
					F48682881B0CB32F0042FF15 = {
						CreatedOnToolsVersion = 6.1.1;
					};
					F48682CC1B0CBC6A0042FF15 = {
						CreatedOnToolsVersion = 6.1.1;
					};
				};
			};
			buildConfigurationList = 2D959B5F1A7B8D0F00DC5310 /* Build configuration list for PBXProject "mpos-ui" */;
			compatibilityVersion = "Xcode 3.2";
			developmentRegion = English;
			hasScannedForEncodings = 0;
			knownRegions = (
				en,
				de,
				fr,
				it,
				nl,
				es,
				fi,
				pl,
				sv,
			);
			mainGroup = 2D959B5B1A7B8D0F00DC5310;
			productRefGroup = 2D959B661A7B8D0F00DC5310 /* Products */;
			projectDirPath = "";
			projectRoot = "";
			targets = (
				F486823C1B0CA93C0042FF15 /* mpos-ui */,
				F48682CC1B0CBC6A0042FF15 /* mpos-ui.podsdummy */,
				F48682571B0CA9A80042FF15 /* mpos-ui-resources */,
				F48682881B0CB32F0042FF15 /* mpos-ui-framework */,
			);
		};
/* End PBXProject section */

/* Begin PBXResourcesBuildPhase section */
		F48682561B0CA9A80042FF15 /* Resources */ = {
			isa = PBXResourcesBuildPhase;
			buildActionMask = 2147483647;
			files = (
				F486833D1B0E06650042FF15 /* mpos-ui.strings in Resources */,
				B3FBBFBB1D1445C700A2EDB0 /* mpos-ui.strings in Resources */,
				F486833C1B0E06650042FF15 /* mpos-ui.strings in Resources */,
				F486833E1B0E06650042FF15 /* mpos-ui.strings in Resources */,
				F486833F1B0E06650042FF15 /* mpos-ui.strings in Resources */,
				445DAF521C56569200438186 /* mpos-ui.strings in Resources */,
				F48683401B0E06650042FF15 /* mpos-ui.strings in Resources */,
				F48683411B0E06650042FF15 /* mpos-ui.strings in Resources */,
				44B3EE211BDFD8320089D194 /* mpos-ui.strings in Resources */,
				4461B2561B96E27B00EE55AF /* concardis.plist in Resources */,
				4461B2581B96ED1D00EE55AF /* mcashier.plist in Resources */,
				445DAF451C56314100438186 /* secureretail.plist in Resources */,
				F48683391B0D06C20042FF15 /* FontAwesome.otf in Resources */,
				F486833A1B0D06C20042FF15 /* mpos-ui.storyboard in Resources */,
				B395AC4C1CD79ECA00C4CEE4 /* yourbrand.plist in Resources */,
				F486833B1B0D06C20042FF15 /* Images.xcassets in Resources */,
			);
			runOnlyForDeploymentPostprocessing = 0;
		};
/* End PBXResourcesBuildPhase section */

/* Begin PBXShellScriptBuildPhase section */
		02FC2826DEEA0BEF0DF81E13 /* 📦 Check Pods Manifest.lock */ = {
			isa = PBXShellScriptBuildPhase;
			buildActionMask = 2147483647;
			files = (
			);
			inputPaths = (
			);
			name = "📦 Check Pods Manifest.lock";
			outputPaths = (
			);
			runOnlyForDeploymentPostprocessing = 0;
			shellPath = /bin/sh;
			shellScript = "diff \"${PODS_ROOT}/../Podfile.lock\" \"${PODS_ROOT}/Manifest.lock\" > /dev/null\nif [[ $? != 0 ]] ; then\n    cat << EOM\nerror: The sandbox is not in sync with the Podfile.lock. Run 'pod install' or update your CocoaPods installation.\nEOM\n    exit 1\nfi\n";
			showEnvVarsInLog = 0;
		};
		0E000CA5921FF5AE00EA4824 /* 📦 Copy Pods Resources */ = {
			isa = PBXShellScriptBuildPhase;
			buildActionMask = 2147483647;
			files = (
			);
			inputPaths = (
			);
			name = "📦 Copy Pods Resources";
			outputPaths = (
			);
			runOnlyForDeploymentPostprocessing = 0;
			shellPath = /bin/sh;
			shellScript = "\"${SRCROOT}/Pods/Target Support Files/Pods-mpos-ui.podsdummy/Pods-mpos-ui.podsdummy-resources.sh\"\n";
			showEnvVarsInLog = 0;
		};
		6102E4AE36D76A1557000D59 /* [CP] Check Pods Manifest.lock */ = {
			isa = PBXShellScriptBuildPhase;
			buildActionMask = 2147483647;
			files = (
			);
			inputPaths = (
			);
			name = "[CP] Check Pods Manifest.lock";
			outputPaths = (
			);
			runOnlyForDeploymentPostprocessing = 0;
			shellPath = /bin/sh;
			shellScript = "diff \"${PODS_ROOT}/../Podfile.lock\" \"${PODS_ROOT}/Manifest.lock\" > /dev/null\nif [[ $? != 0 ]] ; then\n    cat << EOM\nerror: The sandbox is not in sync with the Podfile.lock. Run 'pod install' or update your CocoaPods installation.\nEOM\n    exit 1\nfi\n";
			showEnvVarsInLog = 0;
		};
		6672B8A6B05A86E3E4E99DCA /* [CP] Copy Pods Resources */ = {
			isa = PBXShellScriptBuildPhase;
			buildActionMask = 2147483647;
			files = (
			);
			inputPaths = (
			);
			name = "[CP] Copy Pods Resources";
			outputPaths = (
			);
			runOnlyForDeploymentPostprocessing = 0;
			shellPath = /bin/sh;
			shellScript = "\"${SRCROOT}/Pods/Target Support Files/Pods-mpos-ui/Pods-mpos-ui-resources.sh\"\n";
			showEnvVarsInLog = 0;
		};
		80CCF78401BCB6100A27858F /* [CP] Check Pods Manifest.lock */ = {
			isa = PBXShellScriptBuildPhase;
			buildActionMask = 2147483647;
			files = (
			);
			inputPaths = (
			);
			name = "[CP] Check Pods Manifest.lock";
			outputPaths = (
			);
			runOnlyForDeploymentPostprocessing = 0;
			shellPath = /bin/sh;
			shellScript = "diff \"${PODS_ROOT}/../Podfile.lock\" \"${PODS_ROOT}/Manifest.lock\" > /dev/null\nif [[ $? != 0 ]] ; then\n    cat << EOM\nerror: The sandbox is not in sync with the Podfile.lock. Run 'pod install' or update your CocoaPods installation.\nEOM\n    exit 1\nfi\n";
			showEnvVarsInLog = 0;
		};
		94F24945BB7D9B34D55ACFB6 /* 📦 Copy Pods Resources */ = {
			isa = PBXShellScriptBuildPhase;
			buildActionMask = 2147483647;
			files = (
			);
			inputPaths = (
			);
			name = "📦 Copy Pods Resources";
			outputPaths = (
			);
			runOnlyForDeploymentPostprocessing = 0;
			shellPath = /bin/sh;
			shellScript = "\"${SRCROOT}/Pods/Target Support Files/Pods-mpos-ui/Pods-mpos-ui-resources.sh\"\n";
			showEnvVarsInLog = 0;
		};
		9D4F291CAE99F54B02702D24 /* 📦 Check Pods Manifest.lock */ = {
			isa = PBXShellScriptBuildPhase;
			buildActionMask = 2147483647;
			files = (
			);
			inputPaths = (
			);
			name = "📦 Check Pods Manifest.lock";
			outputPaths = (
			);
			runOnlyForDeploymentPostprocessing = 0;
			shellPath = /bin/sh;
			shellScript = "diff \"${PODS_ROOT}/../Podfile.lock\" \"${PODS_ROOT}/Manifest.lock\" > /dev/null\nif [[ $? != 0 ]] ; then\n    cat << EOM\nerror: The sandbox is not in sync with the Podfile.lock. Run 'pod install' or update your CocoaPods installation.\nEOM\n    exit 1\nfi\n";
			showEnvVarsInLog = 0;
		};
		ACD6148CB2E1857B9B4A50BF /* [CP] Copy Pods Resources */ = {
			isa = PBXShellScriptBuildPhase;
			buildActionMask = 2147483647;
			files = (
			);
			inputPaths = (
			);
			name = "[CP] Copy Pods Resources";
			outputPaths = (
			);
			runOnlyForDeploymentPostprocessing = 0;
			shellPath = /bin/sh;
			shellScript = "\"${SRCROOT}/Pods/Target Support Files/Pods-mpos-ui.podsdummy/Pods-mpos-ui.podsdummy-resources.sh\"\n";
			showEnvVarsInLog = 0;
		};
		F48682831B0CABFC0042FF15 /* ShellScript */ = {
			isa = PBXShellScriptBuildPhase;
			buildActionMask = 2147483647;
			files = (
			);
			inputPaths = (
			);
			outputPaths = (
			);
			runOnlyForDeploymentPostprocessing = 0;
			shellPath = /bin/sh;
			shellScript = "set -e\n\nmkdir -p \"${BUILT_PRODUCTS_DIR}/mpos-ui.framework/Versions/A/Headers\"\n\n# Link the \"Current\" version to \"A\"\n/bin/ln -sfh A \"${BUILT_PRODUCTS_DIR}/mpos-ui.framework/Versions/Current\"\n/bin/ln -sfh Versions/Current/Headers \"${BUILT_PRODUCTS_DIR}/mpos-ui.framework/Headers\"\n/bin/ln -sfh \"Versions/Current/${PRODUCT_NAME}\" \"${BUILT_PRODUCTS_DIR}/mpos-ui.framework/${PRODUCT_NAME}\"\n\n# The -a ensures that the headers maintain the source modification date so that we don't constantly\n# cause propagating rebuilds of files that import these headers.\nif [ -d \"${TARGET_BUILD_DIR}/${PUBLIC_HEADERS_FOLDER_PATH}/\" ]; then\n/bin/cp -a \"${TARGET_BUILD_DIR}/${PUBLIC_HEADERS_FOLDER_PATH}/\" \"${BUILT_PRODUCTS_DIR}/mpos-ui.framework/Versions/A/Headers\"\nfi";
		};
		F48682901B0CB34A0042FF15 /* ShellScript */ = {
			isa = PBXShellScriptBuildPhase;
			buildActionMask = 2147483647;
			files = (
			);
			inputPaths = (
			);
			outputPaths = (
			);
			runOnlyForDeploymentPostprocessing = 0;
			shellPath = /bin/sh;
			shellScript = "set -e\nset +u\n# Avoid recursively calling this script.\nif [[ $SF_MASTER_SCRIPT_RUNNING ]]\nthen\nexit 0\nfi\nset -u\nexport SF_MASTER_SCRIPT_RUNNING=1\n\nSF_TARGET_NAME=\"mpos-ui\"\nSF_EXECUTABLE_PATH=\"lib${SF_TARGET_NAME}.a\"\nSF_EXECUTABLE_NAME=\"mpos-ui\"\nSF_WRAPPER_NAME=\"mpos-ui.framework\"\nSF_BUNDLE_NAME=\"mpos-ui-resources.bundle\"\n\n# The following conditionals come from\n# https://github.com/kstenerud/iOS-Universal-Framework\n\nif [[ \"$SDK_NAME\" =~ ([A-Za-z]+) ]]\nthen\nSF_SDK_PLATFORM=${BASH_REMATCH[1]}\nelse\necho \"Could not find platform name from SDK_NAME: $SDK_NAME\"\nexit 1\nfi\n\nif [[ \"$SDK_NAME\" =~ ([0-9]+.*$) ]]\nthen\nSF_SDK_VERSION=${BASH_REMATCH[1]}\nelse\necho \"Could not find sdk version from SDK_NAME: $SDK_NAME\"\nexit 1\nfi\n\nif [[ \"$SF_SDK_PLATFORM\" = \"iphoneos\" ]]\nthen\nSF_OTHER_PLATFORM=iphonesimulator\nelse\nSF_OTHER_PLATFORM=iphoneos\nfi\n\nif [[ \"$BUILT_PRODUCTS_DIR\" =~ (.*)$SF_SDK_PLATFORM$ ]]\nthen\nSF_OTHER_BUILT_PRODUCTS_DIR=\"${BASH_REMATCH[1]}${SF_OTHER_PLATFORM}\"\nelse\necho \"Could not find platform name from build products directory: $BUILT_PRODUCTS_DIR\"\nexit 1\nfi\n\n# Build the other platform.\n#xcodebuild -project \"${PROJECT_FILE_PATH}\" -target \"${TARGET_NAME}\" -configuration \"${CONFIGURATION}\" -sdk ${SF_OTHER_PLATFORM}${SF_SDK_VERSION} BUILD_DIR=\"${BUILD_DIR}\" OBJROOT=\"${OBJROOT}\" BUILD_ROOT=\"${BUILD_ROOT}\" SYMROOT=\"${SYMROOT}\" $ACTION\n\nxcodebuild -workspace \"mpos-ui.xcworkspace\" -scheme \"${SF_TARGET_NAME}\" -configuration \"${CONFIGURATION}\" -sdk ${SF_OTHER_PLATFORM}${SF_SDK_VERSION} BUILD_DIR=\"${BUILD_DIR}\" OBJROOT=\"${OBJROOT}\" BUILD_ROOT=\"${BUILD_ROOT}\" SYMROOT=\"${SYMROOT}\" $ACTION\n\n# Smash the two static libraries into one fat binary and store it in the .framework\nlipo -create \"${BUILT_PRODUCTS_DIR}/${SF_EXECUTABLE_PATH}\" \"${SF_OTHER_BUILT_PRODUCTS_DIR}/${SF_EXECUTABLE_PATH}\" -output \"${BUILT_PRODUCTS_DIR}/${SF_WRAPPER_NAME}/Versions/A/${SF_EXECUTABLE_NAME}\"\n\n\n# Copy the binary to the other architecture folder to have a complete framework in both.\ncp -a \"${BUILT_PRODUCTS_DIR}/${SF_WRAPPER_NAME}/Versions/A/${SF_EXECUTABLE_NAME}\" \"${SF_OTHER_BUILT_PRODUCTS_DIR}/${SF_WRAPPER_NAME}/Versions/A/${SF_EXECUTABLE_NAME}\"\n\n\n#and copy the framework somewhere else\n#+u triggers error for unbound variables, so specify in any case\nEXPORT_DIR=${FRAMEWORK_EXPORT_DIR:-}\nif [[ -n \"${EXPORT_DIR}\" ]]; then\necho \"### GOT FRAMEWORK DIR: ${EXPORT_DIR} ###\"\nmkdir -p \"${EXPORT_DIR}\"\ncp -avR \"${BUILT_PRODUCTS_DIR}/${SF_WRAPPER_NAME}\" \"${EXPORT_DIR}\"\ncp -avR \"${BUILT_PRODUCTS_DIR}/${SF_BUNDLE_NAME}\" \"${EXPORT_DIR}\"\nelse\necho \"### NO FRAMEWORK DIR PROVIDED: ${EXPORT_DIR} ###\"\nfi\n";
		};
/* End PBXShellScriptBuildPhase section */

/* Begin PBXSourcesBuildPhase section */
		F48682391B0CA93C0042FF15 /* Sources */ = {
			isa = PBXSourcesBuildPhase;
			buildActionMask = 2147483647;
			files = (
				B34C97871CCE4CEA0092A8D4 /* MPUSummaryController.m in Sources */,
				4461B2611B973C6700EE55AF /* MPUSettingsMainController.m in Sources */,
				4479656B1B1EF74600CB540E /* MPUPrintReceiptController.m in Sources */,
				B35AFE661D7854E60088C3B7 /* MPUTransactionCell.m in Sources */,
				4461B2661B98888200EE55AF /* MPULoginMainController.m in Sources */,
				F48683211B0CBF880042FF15 /* MPUSendReceiptController.m in Sources */,
				F48683031B0CBF760042FF15 /* MPUMposUiConfiguration.m in Sources */,
				F48683141B0CBF880042FF15 /* MPUAbstractController.m in Sources */,
				44E918171B4BE30F0085FB8E /* MPUAbstractContainerViewController.m in Sources */,
				B395AC751CD8E9F900C4CEE4 /* MPUCellBuilder.m in Sources */,
				B395AC711CD8E85200C4CEE4 /* MPUTransactionDateFooterCell.m in Sources */,
				44AEEBDE1B564DBE00531369 /* MPUAbstractMainController.m in Sources */,
				44AEEBE21B58FACD00531369 /* MPUPrintReceiptMainController.m in Sources */,
				4461B25C1B973BA700EE55AF /* MPUSettingsContainerViewController.m in Sources */,
				44F4D1651B4FB20E00EC26C7 /* MPUSummaryMainController.m in Sources */,
				B395AC611CD8E6F800C4CEE4 /* MPUTransactionCardCell.m in Sources */,
				F48683291B0CBF970042FF15 /* MPUUIHelper.m in Sources */,
				B395AC6D1CD8E82E00C4CEE4 /* MPUTransactionHistoryDetailCell.m in Sources */,
				B395AC691CD8E79200C4CEE4 /* MPUTransactionActionsCell.m in Sources */,
				F48683181B0CBF880042FF15 /* MPUErrorController.m in Sources */,
				44E9181F1B4BE4CA0085FB8E /* MPUSummaryContainerViewController.m in Sources */,
				F48683021B0CBF760042FF15 /* MPUMposUiAppearance.m in Sources */,
				F48683011B0CBF760042FF15 /* MPUMposUi.m in Sources */,
				4461B23F1B9478F600EE55AF /* MPULoginController.m in Sources */,
				4461B24B1B949E5B00EE55AF /* MPUSettingsController.m in Sources */,
				4461B2431B9498BD00EE55AF /* MPUApplicationData.m in Sources */,
				F486831F1B0CBF880042FF15 /* MPUProgressView.m in Sources */,
				44D986091B4C3E53006F2F62 /* MPUEmptySegue.m in Sources */,
				F48683161B0CBF880042FF15 /* MPUApplicationSelectionController.m in Sources */,
				B395AC591CD8E53D00C4CEE4 /* MPUTransactionHeaderCell.m in Sources */,
				44E9181B1B4BE47C0085FB8E /* MPUTransactionContainerViewController.m in Sources */,
				B395AC651CD8E75D00C4CEE4 /* MPUTransactionSubjectCell.m in Sources */,
				44AEEBE61B58FB5600531369 /* MPUPrintReceiptContainerViewController.m in Sources */,
				F486831D1B0CBF880042FF15 /* MPUTransactionController.m in Sources */,
				44234B371B0DE5F700C1ABAE /* MPULoadTransactionController.m in Sources */,
				44AEEBDA1B540AA200531369 /* MPUTransactionMainController.m in Sources */,
				4461B24F1B94A26100EE55AF /* MPUAbstractTableViewController.m in Sources */,
				4461B26A1B98893900EE55AF /* MPULoginContainerViewController.m in Sources */,
			);
			runOnlyForDeploymentPostprocessing = 0;
		};
		F48682541B0CA9A80042FF15 /* Sources */ = {
			isa = PBXSourcesBuildPhase;
			buildActionMask = 2147483647;
			files = (
			);
			runOnlyForDeploymentPostprocessing = 0;
		};
		F48682C91B0CBC6A0042FF15 /* Sources */ = {
			isa = PBXSourcesBuildPhase;
			buildActionMask = 2147483647;
			files = (
			);
			runOnlyForDeploymentPostprocessing = 0;
		};
/* End PBXSourcesBuildPhase section */

/* Begin PBXTargetDependency section */
		F486828D1B0CB3460042FF15 /* PBXTargetDependency */ = {
			isa = PBXTargetDependency;
			target = F486823C1B0CA93C0042FF15 /* mpos-ui */;
			targetProxy = F486828C1B0CB3460042FF15 /* PBXContainerItemProxy */;
		};
		F486828F1B0CB3460042FF15 /* PBXTargetDependency */ = {
			isa = PBXTargetDependency;
			target = F48682571B0CA9A80042FF15 /* mpos-ui-resources */;
			targetProxy = F486828E1B0CB3460042FF15 /* PBXContainerItemProxy */;
		};
/* End PBXTargetDependency section */

/* Begin PBXVariantGroup section */
		445DAF501C56569200438186 /* mpos-ui.strings */ = {
			isa = PBXVariantGroup;
			children = (
				445DAF511C56569200438186 /* pl */,
			);
			name = "mpos-ui.strings";
			sourceTree = "<group>";
		};
		44B3EE1F1BDFD8320089D194 /* mpos-ui.strings */ = {
			isa = PBXVariantGroup;
			children = (
				44B3EE201BDFD8320089D194 /* fi */,
			);
			name = "mpos-ui.strings";
			sourceTree = "<group>";
		};
		B3FBBFB91D1445B600A2EDB0 /* mpos-ui.strings */ = {
			isa = PBXVariantGroup;
			children = (
				B3FBBFBA1D1445B600A2EDB0 /* sv */,
			);
			name = "mpos-ui.strings";
			sourceTree = "<group>";
		};
		F48682AD1B0CBA570042FF15 /* mpos-ui.strings */ = {
			isa = PBXVariantGroup;
			children = (
				F48682AE1B0CBA570042FF15 /* de */,
			);
			name = "mpos-ui.strings";
			sourceTree = "<group>";
		};
		F48682B01B0CBA570042FF15 /* mpos-ui.strings */ = {
			isa = PBXVariantGroup;
			children = (
				F48682B11B0CBA570042FF15 /* en */,
			);
			name = "mpos-ui.strings";
			sourceTree = "<group>";
		};
		F48682B31B0CBA570042FF15 /* mpos-ui.strings */ = {
			isa = PBXVariantGroup;
			children = (
				F48682B41B0CBA570042FF15 /* es */,
			);
			name = "mpos-ui.strings";
			sourceTree = "<group>";
		};
		F48682B71B0CBA570042FF15 /* mpos-ui.strings */ = {
			isa = PBXVariantGroup;
			children = (
				F48682B81B0CBA570042FF15 /* fr */,
			);
			name = "mpos-ui.strings";
			sourceTree = "<group>";
		};
		F48682BB1B0CBA570042FF15 /* mpos-ui.strings */ = {
			isa = PBXVariantGroup;
			children = (
				F48682BC1B0CBA570042FF15 /* it */,
			);
			name = "mpos-ui.strings";
			sourceTree = "<group>";
		};
		F48682BF1B0CBA570042FF15 /* mpos-ui.strings */ = {
			isa = PBXVariantGroup;
			children = (
				F48682C01B0CBA570042FF15 /* nl */,
			);
			name = "mpos-ui.strings";
			sourceTree = "<group>";
		};
/* End PBXVariantGroup section */

/* Begin XCBuildConfiguration section */
		2D959B761A7B8D0F00DC5310 /* Debug */ = {
			isa = XCBuildConfiguration;
			buildSettings = {
				ALWAYS_SEARCH_USER_PATHS = NO;
				CLANG_CXX_LANGUAGE_STANDARD = "gnu++0x";
				CLANG_CXX_LIBRARY = "libc++";
				CLANG_ENABLE_MODULES = YES;
				CLANG_ENABLE_OBJC_ARC = YES;
				CLANG_WARN_BOOL_CONVERSION = YES;
				CLANG_WARN_CONSTANT_CONVERSION = YES;
				CLANG_WARN_DIRECT_OBJC_ISA_USAGE = YES_ERROR;
				CLANG_WARN_EMPTY_BODY = YES;
				CLANG_WARN_ENUM_CONVERSION = YES;
				CLANG_WARN_INT_CONVERSION = YES;
				CLANG_WARN_OBJC_ROOT_CLASS = YES_ERROR;
				CLANG_WARN_UNREACHABLE_CODE = YES;
				CLANG_WARN__DUPLICATE_METHOD_MATCH = YES;
				CODE_SIGN_IDENTITY = "iPhone Developer";
				COMPRESS_PNG_FILES = YES;
				COPY_PHASE_STRIP = NO;
				CURRENT_PROJECT_VERSION = 1;
				ENABLE_STRICT_OBJC_MSGSEND = YES;
				ENABLE_TESTABILITY = YES;
				GCC_C_LANGUAGE_STANDARD = gnu99;
				GCC_DYNAMIC_NO_PIC = NO;
				GCC_OPTIMIZATION_LEVEL = 0;
				GCC_PREPROCESSOR_DEFINITIONS = (
					"DEBUG=1",
					"$(inherited)",
				);
				GCC_SYMBOLS_PRIVATE_EXTERN = NO;
				GCC_WARN_64_TO_32_BIT_CONVERSION = YES;
				GCC_WARN_ABOUT_RETURN_TYPE = YES_ERROR;
				GCC_WARN_UNDECLARED_SELECTOR = YES;
				GCC_WARN_UNINITIALIZED_AUTOS = YES_AGGRESSIVE;
				GCC_WARN_UNUSED_FUNCTION = YES;
				GCC_WARN_UNUSED_VARIABLE = YES;
				IPHONEOS_DEPLOYMENT_TARGET = 7.1;
				MTL_ENABLE_DEBUG_INFO = YES;
				ONLY_ACTIVE_ARCH = YES;
				SDKROOT = iphoneos;
				TARGETED_DEVICE_FAMILY = "1,2";
				VERSIONING_SYSTEM = "apple-generic";
				VERSION_INFO_PREFIX = "";
			};
			name = Debug;
		};
		2D959B771A7B8D0F00DC5310 /* Release */ = {
			isa = XCBuildConfiguration;
			buildSettings = {
				ALWAYS_SEARCH_USER_PATHS = NO;
				CLANG_CXX_LANGUAGE_STANDARD = "gnu++0x";
				CLANG_CXX_LIBRARY = "libc++";
				CLANG_ENABLE_MODULES = YES;
				CLANG_ENABLE_OBJC_ARC = YES;
				CLANG_WARN_BOOL_CONVERSION = YES;
				CLANG_WARN_CONSTANT_CONVERSION = YES;
				CLANG_WARN_DIRECT_OBJC_ISA_USAGE = YES_ERROR;
				CLANG_WARN_EMPTY_BODY = YES;
				CLANG_WARN_ENUM_CONVERSION = YES;
				CLANG_WARN_INT_CONVERSION = YES;
				CLANG_WARN_OBJC_ROOT_CLASS = YES_ERROR;
				CLANG_WARN_UNREACHABLE_CODE = YES;
				CLANG_WARN__DUPLICATE_METHOD_MATCH = YES;
				CODE_SIGN_IDENTITY = "iPhone Developer";
				COMPRESS_PNG_FILES = YES;
				COPY_PHASE_STRIP = YES;
				CURRENT_PROJECT_VERSION = 1;
				ENABLE_NS_ASSERTIONS = NO;
				ENABLE_STRICT_OBJC_MSGSEND = YES;
				GCC_C_LANGUAGE_STANDARD = gnu99;
				GCC_WARN_64_TO_32_BIT_CONVERSION = YES;
				GCC_WARN_ABOUT_RETURN_TYPE = YES_ERROR;
				GCC_WARN_UNDECLARED_SELECTOR = YES;
				GCC_WARN_UNINITIALIZED_AUTOS = YES_AGGRESSIVE;
				GCC_WARN_UNUSED_FUNCTION = YES;
				GCC_WARN_UNUSED_VARIABLE = YES;
				IPHONEOS_DEPLOYMENT_TARGET = 7.1;
				MTL_ENABLE_DEBUG_INFO = NO;
				SDKROOT = iphoneos;
				TARGETED_DEVICE_FAMILY = "1,2";
				VALIDATE_PRODUCT = YES;
				VERSIONING_SYSTEM = "apple-generic";
				VERSION_INFO_PREFIX = "";
			};
			name = Release;
		};
		F486824E1B0CA93D0042FF15 /* Debug */ = {
			isa = XCBuildConfiguration;
			baseConfigurationReference = 75E6F9AC55DFE8CBF7E4A395 /* Pods-mpos-ui.debug.xcconfig */;
			buildSettings = {
				ALWAYS_SEARCH_USER_PATHS = YES;
				CLANG_WARN_DEPRECATED_OBJC_IMPLEMENTATIONS = YES;
				CLANG_WARN_OBJC_IMPLICIT_ATOMIC_PROPERTIES = YES;
				CLANG_WARN_OBJC_IMPLICIT_RETAIN_SELF = YES;
				FRAMEWORK_SEARCH_PATHS = "\"${PODS_ROOT}\"/**";
				GCC_PREFIX_HEADER = "Resources/mpos-ui.pch";
				GCC_PREPROCESSOR_DEFINITIONS = (
					"DEBUG=1",
					"$(inherited)",
				);
				GCC_WARN_ABOUT_MISSING_FIELD_INITIALIZERS = YES;
				GCC_WARN_ABOUT_MISSING_PROTOTYPES = YES;
				GCC_WARN_INITIALIZER_NOT_FULLY_BRACKETED = YES;
				GCC_WARN_UNUSED_LABEL = YES;
				ONLY_ACTIVE_ARCH = NO;
				OTHER_LDFLAGS = "$(inherited)";
				PRODUCT_NAME = "$(TARGET_NAME)";
				SKIP_INSTALL = YES;
			};
			name = Debug;
		};
		F486824F1B0CA93D0042FF15 /* Release */ = {
			isa = XCBuildConfiguration;
			baseConfigurationReference = 5B9EB297CBE67376AE841023 /* Pods-mpos-ui.release.xcconfig */;
			buildSettings = {
				ALWAYS_SEARCH_USER_PATHS = YES;
				CLANG_WARN_DEPRECATED_OBJC_IMPLEMENTATIONS = YES;
				CLANG_WARN_OBJC_IMPLICIT_ATOMIC_PROPERTIES = YES;
				CLANG_WARN_OBJC_IMPLICIT_RETAIN_SELF = YES;
				FRAMEWORK_SEARCH_PATHS = "\"${PODS_ROOT}\"/**";
				GCC_PREFIX_HEADER = "Resources/mpos-ui.pch";
				GCC_WARN_ABOUT_MISSING_FIELD_INITIALIZERS = YES;
				GCC_WARN_ABOUT_MISSING_PROTOTYPES = YES;
				GCC_WARN_INITIALIZER_NOT_FULLY_BRACKETED = YES;
				GCC_WARN_UNUSED_LABEL = YES;
				OTHER_LDFLAGS = "$(inherited)";
				PRODUCT_NAME = "$(TARGET_NAME)";
				SKIP_INSTALL = YES;
			};
			name = Release;
		};
		F486825D1B0CA9A80042FF15 /* Debug */ = {
			isa = XCBuildConfiguration;
			buildSettings = {
				CODE_SIGN_IDENTITY = "";
				GCC_PREPROCESSOR_DEFINITIONS = (
					"DEBUG=1",
					"$(inherited)",
				);
				INFOPLIST_FILE = Resources/Info.plist;
				INSTALL_PATH = "$(LOCAL_LIBRARY_DIR)/Bundles";
				PRODUCT_BUNDLE_IDENTIFIER = "io.mpos.ios.$(PRODUCT_NAME:rfc1034identifier)";
				PRODUCT_NAME = "$(TARGET_NAME)";
				PUBLIC_HEADERS_FOLDER_PATH = Headers;
				SDKROOT = iphoneos;
				VERSIONING_SYSTEM = "";
				WRAPPER_EXTENSION = bundle;
			};
			name = Debug;
		};
		F486825E1B0CA9A80042FF15 /* Release */ = {
			isa = XCBuildConfiguration;
			buildSettings = {
				CODE_SIGN_IDENTITY = "";
				DEBUG_INFORMATION_FORMAT = "dwarf-with-dsym";
				INFOPLIST_FILE = Resources/Info.plist;
				INSTALL_PATH = "$(LOCAL_LIBRARY_DIR)/Bundles";
				PRODUCT_BUNDLE_IDENTIFIER = "io.mpos.ios.$(PRODUCT_NAME:rfc1034identifier)";
				PRODUCT_NAME = "$(TARGET_NAME)";
				PUBLIC_HEADERS_FOLDER_PATH = Headers;
				SDKROOT = iphoneos;
				VERSIONING_SYSTEM = "";
				WRAPPER_EXTENSION = bundle;
			};
			name = Release;
		};
		F486828A1B0CB32F0042FF15 /* Debug */ = {
			isa = XCBuildConfiguration;
			buildSettings = {
				PRODUCT_NAME = "$(TARGET_NAME)";
			};
			name = Debug;
		};
		F486828B1B0CB32F0042FF15 /* Release */ = {
			isa = XCBuildConfiguration;
			buildSettings = {
				PRODUCT_NAME = "$(TARGET_NAME)";
			};
			name = Release;
		};
		F48682DE1B0CBC6A0042FF15 /* Debug */ = {
			isa = XCBuildConfiguration;
			baseConfigurationReference = 21A6586CE6DC2E960D917DF7 /* Pods-mpos-ui.podsdummy.debug.xcconfig */;
			buildSettings = {
				GCC_PREPROCESSOR_DEFINITIONS = (
					"DEBUG=1",
					"$(inherited)",
				);
				IPHONEOS_DEPLOYMENT_TARGET = 8.1;
				ONLY_ACTIVE_ARCH = YES;
				OTHER_LDFLAGS = "$(inherited)";
				PRODUCT_NAME = "$(TARGET_NAME)";
				SKIP_INSTALL = YES;
			};
			name = Debug;
		};
		F48682DF1B0CBC6A0042FF15 /* Release */ = {
			isa = XCBuildConfiguration;
			baseConfigurationReference = CCCBA9E84E7D3D6668670AEB /* Pods-mpos-ui.podsdummy.release.xcconfig */;
			buildSettings = {
				IPHONEOS_DEPLOYMENT_TARGET = 8.1;
				OTHER_LDFLAGS = "$(inherited)";
				PRODUCT_NAME = "$(TARGET_NAME)";
				SKIP_INSTALL = YES;
			};
			name = Release;
		};
/* End XCBuildConfiguration section */

/* Begin XCConfigurationList section */
		2D959B5F1A7B8D0F00DC5310 /* Build configuration list for PBXProject "mpos-ui" */ = {
			isa = XCConfigurationList;
			buildConfigurations = (
				2D959B761A7B8D0F00DC5310 /* Debug */,
				2D959B771A7B8D0F00DC5310 /* Release */,
			);
			defaultConfigurationIsVisible = 0;
			defaultConfigurationName = Release;
		};
		F48682521B0CA93D0042FF15 /* Build configuration list for PBXNativeTarget "mpos-ui" */ = {
			isa = XCConfigurationList;
			buildConfigurations = (
				F486824E1B0CA93D0042FF15 /* Debug */,
				F486824F1B0CA93D0042FF15 /* Release */,
			);
			defaultConfigurationIsVisible = 0;
			defaultConfigurationName = Release;
		};
		F486825C1B0CA9A80042FF15 /* Build configuration list for PBXNativeTarget "mpos-ui-resources" */ = {
			isa = XCConfigurationList;
			buildConfigurations = (
				F486825D1B0CA9A80042FF15 /* Debug */,
				F486825E1B0CA9A80042FF15 /* Release */,
			);
			defaultConfigurationIsVisible = 0;
			defaultConfigurationName = Release;
		};
		F48682891B0CB32F0042FF15 /* Build configuration list for PBXAggregateTarget "mpos-ui-framework" */ = {
			isa = XCConfigurationList;
			buildConfigurations = (
				F486828A1B0CB32F0042FF15 /* Debug */,
				F486828B1B0CB32F0042FF15 /* Release */,
			);
			defaultConfigurationIsVisible = 0;
			defaultConfigurationName = Release;
		};
		F48682E21B0CBC6A0042FF15 /* Build configuration list for PBXNativeTarget "mpos-ui.podsdummy" */ = {
			isa = XCConfigurationList;
			buildConfigurations = (
				F48682DE1B0CBC6A0042FF15 /* Debug */,
				F48682DF1B0CBC6A0042FF15 /* Release */,
			);
			defaultConfigurationIsVisible = 0;
			defaultConfigurationName = Release;
		};
/* End XCConfigurationList section */
	};
	rootObject = 2D959B5C1A7B8D0F00DC5310 /* Project object */;
}
